{
  "version": 4,
  "terraform_version": "1.4.2",
  "serial": 210,
  "lineage": "6bcd73a1-679f-e7c9-3b64-e68d466cb34f",
  "outputs": {},
  "resources": [
    {
      "module": "module.IGW_module[\"igw01\"]",
      "mode": "managed",
      "type": "aws_internet_gateway",
      "name": "igw",
      "provider": "provider[\"registry.terraform.io/hashicorp/aws\"]",
      "instances": [
        {
          "schema_version": 0,
          "attributes": {
            "arn": "arn:aws:ec2:us-east-1:185439933271:internet-gateway/igw-051afea9123197492",
            "id": "igw-051afea9123197492",
            "owner_id": "185439933271",
            "tags": {
              "Name": "ACME-IGW"
            },
            "tags_all": {
              "Name": "ACME-IGW"
            },
            "timeouts": null,
            "vpc_id": "vpc-03a5dd5d59ca1b1fa"
          },
          "sensitive_attributes": [],
          "private": "eyJlMmJmYjczMC1lY2FhLTExZTYtOGY4OC0zNDM2M2JjN2M0YzAiOnsiY3JlYXRlIjoxMjAwMDAwMDAwMDAwLCJkZWxldGUiOjEyMDAwMDAwMDAwMDAsInVwZGF0ZSI6MTIwMDAwMDAwMDAwMH19",
          "dependencies": [
            "module.aws_vpc_module.aws_vpc.acme_vpc"
          ]
        }
      ]
    },
    {
      "module": "module.aws_subnet_module[\"private_us_east_1a\"]",
      "mode": "managed",
      "type": "aws_subnet",
      "name": "acme_subnet",
      "provider": "provider[\"registry.terraform.io/hashicorp/aws\"]",
      "instances": [
        {
          "schema_version": 1,
          "attributes": {
            "arn": "arn:aws:ec2:us-east-1:185439933271:subnet/subnet-0ddacf76e1749b09e",
            "assign_ipv6_address_on_creation": false,
            "availability_zone": "us-east-1b",
            "availability_zone_id": "use1-az2",
            "cidr_block": "10.0.128.0/18",
            "customer_owned_ipv4_pool": "",
            "enable_dns64": false,
            "enable_lni_at_device_index": 0,
            "enable_resource_name_dns_a_record_on_launch": false,
            "enable_resource_name_dns_aaaa_record_on_launch": false,
            "id": "subnet-0ddacf76e1749b09e",
            "ipv6_cidr_block": "",
            "ipv6_cidr_block_association_id": "",
            "ipv6_native": false,
            "map_customer_owned_ip_on_launch": false,
            "map_public_ip_on_launch": false,
            "outpost_arn": "",
            "owner_id": "185439933271",
            "private_dns_hostname_type_on_launch": "ip-name",
            "tags": {
              "Name": "private_us_east_1a"
            },
            "tags_all": {
              "Name": "private_us_east_1a"
            },
            "timeouts": null,
            "vpc_id": "vpc-03a5dd5d59ca1b1fa"
          },
          "sensitive_attributes": [],
          "private": "eyJlMmJmYjczMC1lY2FhLTExZTYtOGY4OC0zNDM2M2JjN2M0YzAiOnsiY3JlYXRlIjo2MDAwMDAwMDAwMDAsImRlbGV0ZSI6MTIwMDAwMDAwMDAwMH0sInNjaGVtYV92ZXJzaW9uIjoiMSJ9",
          "dependencies": [
            "module.aws_vpc_module.aws_vpc.acme_vpc"
          ]
        }
      ]
    },
    {
      "module": "module.aws_subnet_module[\"private_us_east_1b\"]",
      "mode": "managed",
      "type": "aws_subnet",
      "name": "acme_subnet",
      "provider": "provider[\"registry.terraform.io/hashicorp/aws\"]",
      "instances": [
        {
          "schema_version": 1,
          "attributes": {
            "arn": "arn:aws:ec2:us-east-1:185439933271:subnet/subnet-0681b8281ec578b1a",
            "assign_ipv6_address_on_creation": false,
            "availability_zone": "us-east-1b",
            "availability_zone_id": "use1-az2",
            "cidr_block": "10.0.192.0/18",
            "customer_owned_ipv4_pool": "",
            "enable_dns64": false,
            "enable_lni_at_device_index": 0,
            "enable_resource_name_dns_a_record_on_launch": false,
            "enable_resource_name_dns_aaaa_record_on_launch": false,
            "id": "subnet-0681b8281ec578b1a",
            "ipv6_cidr_block": "",
            "ipv6_cidr_block_association_id": "",
            "ipv6_native": false,
            "map_customer_owned_ip_on_launch": false,
            "map_public_ip_on_launch": false,
            "outpost_arn": "",
            "owner_id": "185439933271",
            "private_dns_hostname_type_on_launch": "ip-name",
            "tags": {
              "Name": "private_us_east_1b"
            },
            "tags_all": {
              "Name": "private_us_east_1b"
            },
            "timeouts": null,
            "vpc_id": "vpc-03a5dd5d59ca1b1fa"
          },
          "sensitive_attributes": [],
          "private": "eyJlMmJmYjczMC1lY2FhLTExZTYtOGY4OC0zNDM2M2JjN2M0YzAiOnsiY3JlYXRlIjo2MDAwMDAwMDAwMDAsImRlbGV0ZSI6MTIwMDAwMDAwMDAwMH0sInNjaGVtYV92ZXJzaW9uIjoiMSJ9",
          "dependencies": [
            "module.aws_vpc_module.aws_vpc.acme_vpc"
          ]
        }
      ]
    },
    {
      "module": "module.aws_subnet_module[\"public_us_east_1a\"]",
      "mode": "managed",
      "type": "aws_subnet",
      "name": "acme_subnet",
      "provider": "provider[\"registry.terraform.io/hashicorp/aws\"]",
      "instances": [
        {
          "schema_version": 1,
          "attributes": {
            "arn": "arn:aws:ec2:us-east-1:185439933271:subnet/subnet-09224a0b77ad062d1",
            "assign_ipv6_address_on_creation": false,
            "availability_zone": "us-east-1a",
            "availability_zone_id": "use1-az1",
            "cidr_block": "10.0.0.0/18",
            "customer_owned_ipv4_pool": "",
            "enable_dns64": false,
            "enable_lni_at_device_index": 0,
            "enable_resource_name_dns_a_record_on_launch": false,
            "enable_resource_name_dns_aaaa_record_on_launch": false,
            "id": "subnet-09224a0b77ad062d1",
            "ipv6_cidr_block": "",
            "ipv6_cidr_block_association_id": "",
            "ipv6_native": false,
            "map_customer_owned_ip_on_launch": false,
            "map_public_ip_on_launch": false,
            "outpost_arn": "",
            "owner_id": "185439933271",
            "private_dns_hostname_type_on_launch": "ip-name",
            "tags": {
              "Name": "public_us_east_1a"
            },
            "tags_all": {
              "Name": "public_us_east_1a"
            },
            "timeouts": null,
            "vpc_id": "vpc-03a5dd5d59ca1b1fa"
          },
          "sensitive_attributes": [],
          "private": "eyJlMmJmYjczMC1lY2FhLTExZTYtOGY4OC0zNDM2M2JjN2M0YzAiOnsiY3JlYXRlIjo2MDAwMDAwMDAwMDAsImRlbGV0ZSI6MTIwMDAwMDAwMDAwMH0sInNjaGVtYV92ZXJzaW9uIjoiMSJ9",
          "dependencies": [
            "module.aws_vpc_module.aws_vpc.acme_vpc"
          ]
        }
      ]
    },
    {
      "module": "module.aws_subnet_module[\"public_us_east_1b\"]",
      "mode": "managed",
      "type": "aws_subnet",
      "name": "acme_subnet",
      "provider": "provider[\"registry.terraform.io/hashicorp/aws\"]",
      "instances": [
        {
          "schema_version": 1,
          "attributes": {
            "arn": "arn:aws:ec2:us-east-1:185439933271:subnet/subnet-05a9e9786e2a4b869",
            "assign_ipv6_address_on_creation": false,
            "availability_zone": "us-east-1b",
            "availability_zone_id": "use1-az2",
            "cidr_block": "10.0.64.0/18",
            "customer_owned_ipv4_pool": "",
            "enable_dns64": false,
            "enable_lni_at_device_index": 0,
            "enable_resource_name_dns_a_record_on_launch": false,
            "enable_resource_name_dns_aaaa_record_on_launch": false,
            "id": "subnet-05a9e9786e2a4b869",
            "ipv6_cidr_block": "",
            "ipv6_cidr_block_association_id": "",
            "ipv6_native": false,
            "map_customer_owned_ip_on_launch": false,
            "map_public_ip_on_launch": false,
            "outpost_arn": "",
            "owner_id": "185439933271",
            "private_dns_hostname_type_on_launch": "ip-name",
            "tags": {
              "Name": "public_us_east_1b"
            },
            "tags_all": {
              "Name": "public_us_east_1b"
            },
            "timeouts": null,
            "vpc_id": "vpc-03a5dd5d59ca1b1fa"
          },
          "sensitive_attributes": [],
          "private": "eyJlMmJmYjczMC1lY2FhLTExZTYtOGY4OC0zNDM2M2JjN2M0YzAiOnsiY3JlYXRlIjo2MDAwMDAwMDAwMDAsImRlbGV0ZSI6MTIwMDAwMDAwMDAwMH0sInNjaGVtYV92ZXJzaW9uIjoiMSJ9",
          "dependencies": [
            "module.aws_vpc_module.aws_vpc.acme_vpc"
          ]
        }
      ]
    },
    {
      "module": "module.aws_vpc_module[\"vpc01\"]",
      "mode": "managed",
      "type": "aws_vpc",
      "name": "acme_vpc",
      "provider": "provider[\"registry.terraform.io/hashicorp/aws\"]",
      "instances": [
        {
          "schema_version": 1,
          "attributes": {
            "arn": "arn:aws:ec2:us-east-1:185439933271:vpc/vpc-03a5dd5d59ca1b1fa",
            "assign_generated_ipv6_cidr_block": false,
            "cidr_block": "10.0.0.0/16",
            "default_network_acl_id": "acl-0e363b67043e96baf",
            "default_route_table_id": "rtb-01e7028221ef97199",
            "default_security_group_id": "sg-0ceaa0dc02b8b361d",
            "dhcp_options_id": "dopt-08c8ad08e86cbad56",
            "enable_classiclink": false,
            "enable_classiclink_dns_support": false,
            "enable_dns_hostnames": false,
            "enable_dns_support": true,
            "enable_network_address_usage_metrics": false,
            "id": "vpc-03a5dd5d59ca1b1fa",
            "instance_tenancy": "default",
            "ipv4_ipam_pool_id": null,
            "ipv4_netmask_length": null,
            "ipv6_association_id": "",
            "ipv6_cidr_block": "",
            "ipv6_cidr_block_network_border_group": "",
            "ipv6_ipam_pool_id": "",
            "ipv6_netmask_length": 0,
            "main_route_table_id": "rtb-01e7028221ef97199",
            "owner_id": "185439933271",
            "tags": {
              "Name": "ACME-vpc"
            },
            "tags_all": {
              "Name": "ACME-vpc"
            }
          },
          "sensitive_attributes": [],
          "private": "eyJzY2hlbWFfdmVyc2lvbiI6IjEifQ=="
        }
      ]
    },
    {
      "module": "module.eip_module[\"eip01\"]",
      "mode": "managed",
      "type": "aws_eip",
      "name": "natgw_eip",
      "provider": "provider[\"registry.terraform.io/hashicorp/aws\"]",
      "instances": [
        {
          "schema_version": 0,
          "attributes": {
            "address": null,
            "allocation_id": "eipalloc-0c1c3ecb152644209",
            "associate_with_private_ip": null,
            "association_id": "",
            "carrier_ip": "",
            "customer_owned_ip": "",
            "customer_owned_ipv4_pool": "",
            "domain": "vpc",
            "id": "eipalloc-0c1c3ecb152644209",
            "instance": "",
            "network_border_group": "us-east-1",
            "network_interface": "",
            "private_dns": null,
            "private_ip": "",
            "public_dns": "ec2-44-213-97-29.compute-1.amazonaws.com",
            "public_ip": "44.213.97.29",
            "public_ipv4_pool": "amazon",
            "tags": {
              "Name": "elasticIP01"
            },
            "tags_all": {
              "Name": "elasticIP01"
            },
            "timeouts": null,
            "vpc": true
          },
          "sensitive_attributes": [],
          "private": "eyJlMmJmYjczMC1lY2FhLTExZTYtOGY4OC0zNDM2M2JjN2M0YzAiOnsiZGVsZXRlIjoxODAwMDAwMDAwMDAsInJlYWQiOjkwMDAwMDAwMDAwMCwidXBkYXRlIjozMDAwMDAwMDAwMDB9fQ=="
        }
      ]
    },
    {
      "module": "module.eip_module[\"eip02\"]",
      "mode": "managed",
      "type": "aws_eip",
      "name": "natgw_eip",
      "provider": "provider[\"registry.terraform.io/hashicorp/aws\"]",
      "instances": [
        {
          "schema_version": 0,
          "attributes": {
            "address": null,
            "allocation_id": "eipalloc-09b4c2f3fd5238884",
            "associate_with_private_ip": null,
            "association_id": "",
            "carrier_ip": "",
            "customer_owned_ip": "",
            "customer_owned_ipv4_pool": "",
            "domain": "vpc",
            "id": "eipalloc-09b4c2f3fd5238884",
            "instance": "",
            "network_border_group": "us-east-1",
            "network_interface": "",
            "private_dns": null,
            "private_ip": "",
            "public_dns": "ec2-34-237-167-16.compute-1.amazonaws.com",
            "public_ip": "34.237.167.16",
            "public_ipv4_pool": "amazon",
            "tags": {
              "Name": "elasticIP02"
            },
            "tags_all": {
              "Name": "elasticIP02"
            },
            "timeouts": null,
            "vpc": true
          },
          "sensitive_attributes": [],
          "private": "eyJlMmJmYjczMC1lY2FhLTExZTYtOGY4OC0zNDM2M2JjN2M0YzAiOnsiZGVsZXRlIjoxODAwMDAwMDAwMDAsInJlYWQiOjkwMDAwMDAwMDAwMCwidXBkYXRlIjozMDAwMDAwMDAwMDB9fQ=="
        }
      ]
    },
    {
      "module": "module.eks_module[\"cluster-key\"]",
      "mode": "data",
      "type": "aws_iam_policy_document",
      "name": "assume_role",
      "provider": "provider[\"registry.terraform.io/hashicorp/aws\"]",
      "instances": [
        {
          "schema_version": 0,
          "attributes": {
            "id": "189502314",
            "json": "{\n  \"Version\": \"2012-10-17\",\n  \"Statement\": [\n    {\n      \"Sid\": \"\",\n      \"Effect\": \"Allow\",\n      \"Action\": \"sts:AssumeRole\",\n      \"Principal\": {\n        \"Service\": \"eks.amazonaws.com\"\n      }\n    }\n  ]\n}",
            "override_json": null,
            "override_policy_documents": null,
            "policy_id": null,
            "source_json": null,
            "source_policy_documents": null,
            "statement": [
              {
                "actions": [
                  "sts:AssumeRole"
                ],
                "condition": [],
                "effect": "Allow",
                "not_actions": [],
                "not_principals": [],
                "not_resources": [],
                "principals": [
                  {
                    "identifiers": [
                      "eks.amazonaws.com"
                    ],
                    "type": "Service"
                  }
                ],
                "resources": [],
                "sid": ""
              }
            ],
            "version": "2012-10-17"
          },
          "sensitive_attributes": []
        }
      ]
    },
    {
      "module": "module.eks_module[\"cluster-key\"]",
      "mode": "managed",
      "type": "aws_eks_cluster",
      "name": "acme_cluster",
      "provider": "provider[\"registry.terraform.io/hashicorp/aws\"]",
      "instances": [
        {
          "schema_version": 0,
          "attributes": {
            "arn": "arn:aws:eks:us-east-1:185439933271:cluster/cluster-key",
            "certificate_authority": [
              {
                "data": "LS0tLS1CRUdJTiBDRVJUSUZJQ0FURS0tLS0tCk1JSUMvakNDQWVhZ0F3SUJBZ0lCQURBTkJna3Foa2lHOXcwQkFRc0ZBREFWTVJNd0VRWURWUVFERXdwcmRXSmwKY201bGRHVnpNQjRYRFRJek1EVXlNekUzTlRVME5Wb1hEVE16TURVeU1ERTNOVFUwTlZvd0ZURVRNQkVHQTFVRQpBeE1LYTNWaVpYSnVaWFJsY3pDQ0FTSXdEUVlKS29aSWh2Y05BUUVCQlFBRGdnRVBBRENDQVFvQ2dnRUJBSyt2CkxYcElKdTJ1MWlCVGErTy82RDVkUkIxcktZSlBiS0cyRUxtTm1BeXhoOUx3ZkhvZGk0eEJDMWlzWEw0NE5HU3YKUkgvSDZXR1Zla29KR3FsUUhHanpHSjlKNEFwd1NkaitjRWRIcWsxWUNPa0NVaFQ2dlpQUmt5RjFvdjU2V1ZhZQpNKzRtMnlJWWhoQXQ0U0psa0tkTzNhUmRPZDdGUlFqMnBYVWcwVlBsbDNjdTR6YjlTRTZIR1VOdGV4eDMvMXdXCmJUL2t1a1N2S2RGNERjUmJaWUtNWFY0V2tqWkpvY1N0Zk56N05sem9mcXRwSjRXVHVWMzJTVjQwTTdoS3J3VlEKM1ViL1AwVlNicXY3U2FWSWo5eVJvYW5MK0NtbmIyNDlUaFJpNU9LaXpTMlllUy8rR3RoZXpRTU93bm4rOTR2MwpkeUcxK3FWVlVma1Y0U084TnZVQ0F3RUFBYU5aTUZjd0RnWURWUjBQQVFIL0JBUURBZ0trTUE4R0ExVWRFd0VCCi93UUZNQU1CQWY4d0hRWURWUjBPQkJZRUZCcTBCNlE2RDVBSUZXWjhMeEs1dDNqdHp2UHlNQlVHQTFVZEVRUU8KTUF5Q0NtdDFZbVZ5Ym1WMFpYTXdEUVlKS29aSWh2Y05BUUVMQlFBRGdnRUJBREk3RW4yZ3FFeHVsLzE1S0tLWApHdEpaM2RzWXlUeDh3cHBUNWtXZ1E3NnR4V1BDOGJuSytuU3ZIbUZ4UXAyemlRbk5XOG9FY0JDVGlqQU9ESHZ4CmJzRTAvWFJQdVRjRmVrekx0YWxNY3NseGc5bUovcEZUL0d5bkdWdDlkeEdyQzdOa2hzMndJNm5YVUhwZytNUUIKM0J3cUVrZWtTTzdCYS9RWHNweFJDbzl2amZhNTZDZ05xVkJOTzVTSitsaWRXVFJoMEo1cVhiL1JxT2tOalFxSwpJZnZQQS9sUloyZU03WGl2NXhleHhhdmZqN3ErUFU2MFF1QmdMTW45ampsT1kybWlwUHUvTW5Lc0drQ1B3aFRHCk10MFRBeTVJODdmZklRN3Q3ZUNtYVV3M0s3QWFOL1dJT1RSdG0vS0hGQ3J4dmZiRk9EWlpwMHhEN1V3c2RzNlMKUkpnPQotLS0tLUVORCBDRVJUSUZJQ0FURS0tLS0tCg=="
              }
            ],
            "cluster_id": null,
            "created_at": "2023-05-23 17:50:14.999 +0000 UTC",
            "enabled_cluster_log_types": null,
            "encryption_config": [],
            "endpoint": "https://EBF5F0F6FF725D9128B30E8C87D08B0D.gr7.us-east-1.eks.amazonaws.com",
            "id": "cluster-key",
            "identity": [
              {
                "oidc": [
                  {
                    "issuer": "https://oidc.eks.us-east-1.amazonaws.com/id/EBF5F0F6FF725D9128B30E8C87D08B0D"
                  }
                ]
              }
            ],
            "kubernetes_network_config": [
              {
                "ip_family": "ipv4",
                "service_ipv4_cidr": "172.20.0.0/16",
                "service_ipv6_cidr": ""
              }
            ],
            "name": "cluster-key",
            "outpost_config": [],
            "platform_version": "eks.2",
            "role_arn": "arn:aws:iam::185439933271:role/acme-eks-cluster",
            "status": "ACTIVE",
            "tags": {
              "Name": "ACME-cluster"
            },
            "tags_all": {
              "Name": "ACME-cluster"
            },
            "timeouts": null,
            "version": "1.26",
            "vpc_config": [
              {
                "cluster_security_group_id": "sg-041fefd4f78cf42ae",
                "endpoint_private_access": false,
                "endpoint_public_access": true,
                "public_access_cidrs": [
                  "0.0.0.0/0"
                ],
                "security_group_ids": null,
                "subnet_ids": [
                  "subnet-05a9e9786e2a4b869",
                  "subnet-09224a0b77ad062d1",
                  "subnet-0ddacf76e1749b09e"
                ],
                "vpc_id": "vpc-03a5dd5d59ca1b1fa"
              }
            ]
          },
          "sensitive_attributes": [],
          "private": "eyJlMmJmYjczMC1lY2FhLTExZTYtOGY4OC0zNDM2M2JjN2M0YzAiOnsiY3JlYXRlIjoxODAwMDAwMDAwMDAwLCJkZWxldGUiOjkwMDAwMDAwMDAwMCwidXBkYXRlIjozNjAwMDAwMDAwMDAwfX0=",
          "dependencies": [
            "module.aws_subnet_module.aws_subnet.acme_subnet",
            "module.aws_vpc_module.aws_vpc.acme_vpc",
            "module.eks_module.aws_iam_role.acme_eks_cluster",
            "module.eks_module.aws_iam_role_policy_attachment.ACME-AmazonEC2ContainerRegistryReadOnly",
            "module.eks_module.aws_iam_role_policy_attachment.ACME-AmazonEKSClusterPolicy",
            "module.eks_module.data.aws_iam_policy_document.assume_role"
          ]
        }
      ]
    },
    {
      "module": "module.eks_module[\"cluster-key\"]",
      "mode": "managed",
      "type": "aws_iam_role",
      "name": "acme_eks_cluster",
      "provider": "provider[\"registry.terraform.io/hashicorp/aws\"]",
      "instances": [
        {
          "schema_version": 0,
          "attributes": {
            "arn": "arn:aws:iam::185439933271:role/acme-eks-cluster",
            "assume_role_policy": "{\"Statement\":[{\"Action\":\"sts:AssumeRole\",\"Effect\":\"Allow\",\"Principal\":{\"Service\":\"eks.amazonaws.com\"},\"Sid\":\"\"}],\"Version\":\"2012-10-17\"}",
            "create_date": "2023-05-23T17:50:09Z",
            "description": "",
            "force_detach_policies": false,
            "id": "acme-eks-cluster",
            "inline_policy": [],
            "managed_policy_arns": [],
            "max_session_duration": 3600,
            "name": "acme-eks-cluster",
            "name_prefix": "",
            "path": "/",
            "permissions_boundary": null,
            "role_last_used": [
              {
                "last_used_date": "",
                "region": ""
              }
            ],
            "tags": null,
            "tags_all": {},
            "unique_id": "AROASWLIU2NLSFMZ6ZLIR"
          },
          "sensitive_attributes": [],
          "private": "bnVsbA==",
          "dependencies": [
            "module.eks_module.data.aws_iam_policy_document.assume_role"
          ]
        }
      ]
    },
    {
      "module": "module.eks_module[\"cluster-key\"]",
      "mode": "managed",
      "type": "aws_iam_role_policy_attachment",
      "name": "ACME-AmazonEC2ContainerRegistryReadOnly",
      "provider": "provider[\"registry.terraform.io/hashicorp/aws\"]",
      "instances": [
        {
          "schema_version": 0,
          "attributes": {
            "id": "acme-eks-cluster-20230523175010737000000007",
            "policy_arn": "arn:aws:iam::aws:policy/AmazonEC2ContainerRegistryReadOnly",
            "role": "acme-eks-cluster"
          },
          "sensitive_attributes": [],
          "private": "bnVsbA==",
          "dependencies": [
            "module.eks_module.aws_iam_role.acme_eks_cluster",
            "module.eks_module.data.aws_iam_policy_document.assume_role"
          ]
        }
      ]
    },
    {
      "module": "module.eks_module[\"cluster-key\"]",
      "mode": "managed",
      "type": "aws_iam_role_policy_attachment",
      "name": "ACME-AmazonEKSClusterPolicy",
      "provider": "provider[\"registry.terraform.io/hashicorp/aws\"]",
      "instances": [
        {
          "schema_version": 0,
          "attributes": {
            "id": "acme-eks-cluster-20230523175010897200000008",
            "policy_arn": "arn:aws:iam::aws:policy/AmazonEKSClusterPolicy",
            "role": "acme-eks-cluster"
          },
          "sensitive_attributes": [],
          "private": "bnVsbA==",
          "dependencies": [
            "module.eks_module.aws_iam_role.acme_eks_cluster",
            "module.eks_module.data.aws_iam_policy_document.assume_role"
          ]
        }
      ]
    },
    {
      "module": "module.nat_gateway_module[\"natgw01\"]",
      "mode": "managed",
      "type": "aws_nat_gateway",
      "name": "ngw",
      "provider": "provider[\"registry.terraform.io/hashicorp/aws\"]",
      "instances": [
        {
          "schema_version": 0,
          "attributes": {
            "allocation_id": "eipalloc-0c1c3ecb152644209",
            "association_id": "eipassoc-0131d2e91da52a44d",
            "connectivity_type": "public",
            "id": "nat-067eafd8362c9e285",
            "network_interface_id": "eni-0e98d758e9a03ac2a",
            "private_ip": "10.0.11.103",
            "public_ip": "44.213.97.29",
            "subnet_id": "subnet-09224a0b77ad062d1",
            "tags": {
              "Name": "natgw01"
            },
            "tags_all": {
              "Name": "natgw01"
            }
          },
          "sensitive_attributes": [],
          "private": "bnVsbA==",
          "dependencies": [
            "module.aws_subnet_module.aws_subnet.acme_subnet",
            "module.aws_vpc_module.aws_vpc.acme_vpc",
            "module.eip_module.aws_eip.natgw_eip"
          ]
        }
      ]
    },
    {
      "module": "module.nat_gateway_module[\"natgw02\"]",
      "mode": "managed",
      "type": "aws_nat_gateway",
      "name": "ngw",
      "provider": "provider[\"registry.terraform.io/hashicorp/aws\"]",
      "instances": [
        {
          "schema_version": 0,
          "attributes": {
            "allocation_id": "eipalloc-09b4c2f3fd5238884",
            "association_id": "eipassoc-0206a4288770a6b33",
            "connectivity_type": "public",
            "id": "nat-0e30cf42c21d0a4c2",
            "network_interface_id": "eni-0f5415e39a80e7f72",
            "private_ip": "10.0.65.57",
            "public_ip": "34.237.167.16",
            "subnet_id": "subnet-05a9e9786e2a4b869",
            "tags": {
              "Name": "natgw02"
            },
            "tags_all": {
              "Name": "natgw02"
            }
          },
          "sensitive_attributes": [],
          "private": "bnVsbA==",
          "dependencies": [
            "module.aws_subnet_module.aws_subnet.acme_subnet",
            "module.aws_vpc_module.aws_vpc.acme_vpc",
            "module.eip_module.aws_eip.natgw_eip"
          ]
        }
      ]
    },
    {
      "module": "module.nodegroups_module[\"node1\"]",
      "mode": "managed",
      "type": "aws_eks_node_group",
      "name": "worker_nodes",
      "provider": "provider[\"registry.terraform.io/hashicorp/aws\"]",
      "instances": [
        {
          "schema_version": 0,
          "attributes": {
            "ami_type": "AL2_x86_64",
            "arn": "arn:aws:eks:us-east-1:185439933271:nodegroup/cluster-key/node1/24c424e2-3819-1d12-287f-70b91697d08a",
            "capacity_type": "ON_DEMAND",
            "cluster_name": "cluster-key",
            "disk_size": 20,
            "force_update_version": null,
            "id": "cluster-key:node1",
            "instance_types": [
              "t3.medium"
            ],
            "labels": null,
            "launch_template": [],
            "node_group_name": "node1",
            "node_group_name_prefix": "",
            "node_role_arn": "arn:aws:iam::185439933271:role/node1",
            "release_version": "1.26.4-20230513",
            "remote_access": [],
            "resources": [
              {
                "autoscaling_groups": [
                  {
                    "name": "eks-node1-24c424e2-3819-1d12-287f-70b91697d08a"
                  }
                ],
                "remote_access_security_group_id": ""
              }
            ],
            "scaling_config": [
              {
                "desired_size": 1,
                "max_size": 2,
                "min_size": 1
              }
            ],
            "status": "ACTIVE",
            "subnet_ids": [
              "subnet-0681b8281ec578b1a",
              "subnet-0ddacf76e1749b09e"
            ],
            "tags": {
              "Name": "ACME-clusterNode1"
            },
            "tags_all": {
              "Name": "ACME-clusterNode1"
            },
            "taint": [],
            "timeouts": null,
            "update_config": [
              {
                "max_unavailable": 1,
                "max_unavailable_percentage": 0
              }
            ],
            "version": "1.26"
          },
          "sensitive_attributes": [],
          "private": "eyJlMmJmYjczMC1lY2FhLTExZTYtOGY4OC0zNDM2M2JjN2M0YzAiOnsiY3JlYXRlIjozNjAwMDAwMDAwMDAwLCJkZWxldGUiOjM2MDAwMDAwMDAwMDAsInVwZGF0ZSI6MzYwMDAwMDAwMDAwMH19",
          "dependencies": [
            "module.aws_subnet_module.aws_subnet.acme_subnet",
            "module.aws_vpc_module.aws_vpc.acme_vpc",
            "module.eks_module.aws_eks_cluster.acme_cluster",
            "module.eks_module.aws_iam_role.acme_eks_cluster",
            "module.eks_module.aws_iam_role_policy_attachment.ACME-AmazonEC2ContainerRegistryReadOnly",
            "module.eks_module.aws_iam_role_policy_attachment.ACME-AmazonEKSClusterPolicy",
            "module.eks_module.data.aws_iam_policy_document.assume_role",
            "module.nodegroups_module.aws_iam_role.nodegroup_role",
            "module.nodegroups_module.aws_iam_role_policy_attachment.ACME-AmazonEC2ContainerRegistryReadOnly",
            "module.nodegroups_module.aws_iam_role_policy_attachment.ACME-AmazonEKSWorkerNodePolicy",
            "module.nodegroups_module.aws_iam_role_policy_attachment.ACME-AmazonEKS_CNI_Policy"
          ]
        }
      ]
    },
    {
      "module": "module.nodegroups_module[\"node1\"]",
      "mode": "managed",
      "type": "aws_iam_role",
      "name": "nodegroup_role",
      "provider": "provider[\"registry.terraform.io/hashicorp/aws\"]",
      "instances": [
        {
          "schema_version": 0,
          "attributes": {
            "arn": "arn:aws:iam::185439933271:role/node1",
            "assume_role_policy": "{\"Statement\":[{\"Action\":\"sts:AssumeRole\",\"Effect\":\"Allow\",\"Principal\":{\"Service\":\"ec2.amazonaws.com\"}}],\"Version\":\"2012-10-17\"}",
            "create_date": "2023-05-23T17:50:09Z",
            "description": "",
            "force_detach_policies": false,
            "id": "node1",
            "inline_policy": [],
            "managed_policy_arns": [],
            "max_session_duration": 3600,
            "name": "node1",
            "name_prefix": "",
            "path": "/",
            "permissions_boundary": null,
            "role_last_used": [
              {
                "last_used_date": "",
                "region": ""
              }
            ],
            "tags": null,
            "tags_all": {},
            "unique_id": "AROASWLIU2NLV4OWTU3L6"
          },
          "sensitive_attributes": [],
          "private": "bnVsbA=="
        }
      ]
    },
    {
      "module": "module.nodegroups_module[\"node1\"]",
      "mode": "managed",
      "type": "aws_iam_role_policy_attachment",
      "name": "ACME-AmazonEC2ContainerRegistryReadOnly",
      "provider": "provider[\"registry.terraform.io/hashicorp/aws\"]",
      "instances": [
        {
          "schema_version": 0,
          "attributes": {
            "id": "node1-20230523175010664800000005",
            "policy_arn": "arn:aws:iam::aws:policy/AmazonEC2ContainerRegistryReadOnly",
            "role": "node1"
          },
          "sensitive_attributes": [],
          "private": "bnVsbA==",
          "dependencies": [
            "module.nodegroups_module.aws_iam_role.nodegroup_role"
          ]
        }
      ]
    },
    {
      "module": "module.nodegroups_module[\"node1\"]",
      "mode": "managed",
      "type": "aws_iam_role_policy_attachment",
      "name": "ACME-AmazonEKSWorkerNodePolicy",
      "provider": "provider[\"registry.terraform.io/hashicorp/aws\"]",
      "instances": [
        {
          "schema_version": 0,
          "attributes": {
            "id": "node1-20230523175010605000000004",
            "policy_arn": "arn:aws:iam::aws:policy/AmazonEKSWorkerNodePolicy",
            "role": "node1"
          },
          "sensitive_attributes": [],
          "private": "bnVsbA==",
          "dependencies": [
            "module.nodegroups_module.aws_iam_role.nodegroup_role"
          ]
        }
      ]
    },
    {
      "module": "module.nodegroups_module[\"node1\"]",
      "mode": "managed",
      "type": "aws_iam_role_policy_attachment",
      "name": "ACME-AmazonEKS_CNI_Policy",
      "provider": "provider[\"registry.terraform.io/hashicorp/aws\"]",
      "instances": [
        {
          "schema_version": 0,
          "attributes": {
            "id": "node1-20230523175010669900000006",
            "policy_arn": "arn:aws:iam::aws:policy/AmazonEKS_CNI_Policy",
            "role": "node1"
          },
          "sensitive_attributes": [],
          "private": "bnVsbA==",
          "dependencies": [
            "module.nodegroups_module.aws_iam_role.nodegroup_role"
          ]
        }
      ]
    },
    {
      "module": "module.nodegroups_module[\"node2\"]",
      "mode": "managed",
      "type": "aws_eks_node_group",
      "name": "worker_nodes",
      "provider": "provider[\"registry.terraform.io/hashicorp/aws\"]",
      "instances": [
        {
          "schema_version": 0,
          "attributes": {
            "ami_type": "AL2_x86_64",
            "arn": "arn:aws:eks:us-east-1:185439933271:nodegroup/cluster-key/node2/bcc424e2-381a-224d-41b0-d76d9abc746e",
            "capacity_type": "ON_DEMAND",
            "cluster_name": "cluster-key",
            "disk_size": 20,
            "force_update_version": null,
            "id": "cluster-key:node2",
            "instance_types": [
              "t3.medium"
            ],
            "labels": null,
            "launch_template": [],
            "node_group_name": "node2",
            "node_group_name_prefix": "",
            "node_role_arn": "arn:aws:iam::185439933271:role/node2",
            "release_version": "1.26.4-20230513",
            "remote_access": [],
            "resources": [
              {
                "autoscaling_groups": [
                  {
                    "name": "eks-node2-bcc424e2-381a-224d-41b0-d76d9abc746e"
                  }
                ],
                "remote_access_security_group_id": ""
              }
            ],
            "scaling_config": [
              {
                "desired_size": 1,
                "max_size": 2,
                "min_size": 1
              }
            ],
            "status": "ACTIVE",
            "subnet_ids": [
              "subnet-0681b8281ec578b1a",
              "subnet-0ddacf76e1749b09e"
            ],
            "tags": {
              "Name": "ACME-clusterNode2"
            },
            "tags_all": {
              "Name": "ACME-clusterNode2"
            },
            "taint": [],
            "timeouts": null,
            "update_config": [
              {
                "max_unavailable": 1,
                "max_unavailable_percentage": 0
              }
            ],
            "version": "1.26"
          },
          "sensitive_attributes": [],
          "private": "eyJlMmJmYjczMC1lY2FhLTExZTYtOGY4OC0zNDM2M2JjN2M0YzAiOnsiY3JlYXRlIjozNjAwMDAwMDAwMDAwLCJkZWxldGUiOjM2MDAwMDAwMDAwMDAsInVwZGF0ZSI6MzYwMDAwMDAwMDAwMH19",
          "dependencies": [
            "module.aws_subnet_module.aws_subnet.acme_subnet",
            "module.aws_vpc_module.aws_vpc.acme_vpc",
            "module.eks_module.aws_eks_cluster.acme_cluster",
            "module.eks_module.aws_iam_role.acme_eks_cluster",
            "module.eks_module.aws_iam_role_policy_attachment.ACME-AmazonEC2ContainerRegistryReadOnly",
            "module.eks_module.aws_iam_role_policy_attachment.ACME-AmazonEKSClusterPolicy",
            "module.eks_module.data.aws_iam_policy_document.assume_role",
            "module.nodegroups_module.aws_iam_role.nodegroup_role",
            "module.nodegroups_module.aws_iam_role_policy_attachment.ACME-AmazonEC2ContainerRegistryReadOnly",
            "module.nodegroups_module.aws_iam_role_policy_attachment.ACME-AmazonEKSWorkerNodePolicy",
            "module.nodegroups_module.aws_iam_role_policy_attachment.ACME-AmazonEKS_CNI_Policy"
          ]
        }
      ]
    },
    {
      "module": "module.nodegroups_module[\"node2\"]",
      "mode": "managed",
      "type": "aws_iam_role",
      "name": "nodegroup_role",
      "provider": "provider[\"registry.terraform.io/hashicorp/aws\"]",
      "instances": [
        {
          "schema_version": 0,
          "attributes": {
            "arn": "arn:aws:iam::185439933271:role/node2",
            "assume_role_policy": "{\"Statement\":[{\"Action\":\"sts:AssumeRole\",\"Effect\":\"Allow\",\"Principal\":{\"Service\":\"ec2.amazonaws.com\"}}],\"Version\":\"2012-10-17\"}",
            "create_date": "2023-05-23T17:50:09Z",
            "description": "",
            "force_detach_policies": false,
            "id": "node2",
            "inline_policy": [],
            "managed_policy_arns": [],
            "max_session_duration": 3600,
            "name": "node2",
            "name_prefix": "",
            "path": "/",
            "permissions_boundary": null,
            "role_last_used": [
              {
                "last_used_date": "",
                "region": ""
              }
            ],
            "tags": null,
            "tags_all": {},
            "unique_id": "AROASWLIU2NL3MAAFWFU6"
          },
          "sensitive_attributes": [],
          "private": "bnVsbA=="
        }
      ]
    },
    {
      "module": "module.nodegroups_module[\"node2\"]",
      "mode": "managed",
      "type": "aws_iam_role_policy_attachment",
      "name": "ACME-AmazonEC2ContainerRegistryReadOnly",
      "provider": "provider[\"registry.terraform.io/hashicorp/aws\"]",
      "instances": [
        {
          "schema_version": 0,
          "attributes": {
            "id": "node2-20230523175010482900000001",
            "policy_arn": "arn:aws:iam::aws:policy/AmazonEC2ContainerRegistryReadOnly",
            "role": "node2"
          },
          "sensitive_attributes": [],
          "private": "bnVsbA==",
          "dependencies": [
            "module.nodegroups_module.aws_iam_role.nodegroup_role"
          ]
        }
      ]
    },
    {
      "module": "module.nodegroups_module[\"node2\"]",
      "mode": "managed",
      "type": "aws_iam_role_policy_attachment",
      "name": "ACME-AmazonEKSWorkerNodePolicy",
      "provider": "provider[\"registry.terraform.io/hashicorp/aws\"]",
      "instances": [
        {
          "schema_version": 0,
          "attributes": {
            "id": "node2-20230523175010532900000002",
            "policy_arn": "arn:aws:iam::aws:policy/AmazonEKSWorkerNodePolicy",
            "role": "node2"
          },
          "sensitive_attributes": [],
          "private": "bnVsbA==",
          "dependencies": [
            "module.nodegroups_module.aws_iam_role.nodegroup_role"
          ]
        }
      ]
    },
    {
      "module": "module.nodegroups_module[\"node2\"]",
      "mode": "managed",
      "type": "aws_iam_role_policy_attachment",
      "name": "ACME-AmazonEKS_CNI_Policy",
      "provider": "provider[\"registry.terraform.io/hashicorp/aws\"]",
      "instances": [
        {
          "schema_version": 0,
          "attributes": {
            "id": "node2-20230523175010532900000003",
            "policy_arn": "arn:aws:iam::aws:policy/AmazonEKS_CNI_Policy",
            "role": "node2"
          },
          "sensitive_attributes": [],
          "private": "bnVsbA==",
          "dependencies": [
            "module.nodegroups_module.aws_iam_role.nodegroup_role"
          ]
        }
      ]
    },
    {
      "module": "module.rtb_assoc_module[\"private_rtb_assoc01\"]",
      "mode": "managed",
      "type": "aws_route_table_association",
      "name": "a",
      "provider": "provider[\"registry.terraform.io/hashicorp/aws\"]",
      "instances": [
        {
          "schema_version": 0,
          "attributes": {
            "gateway_id": "",
            "id": "rtbassoc-01800903b761a0cee",
            "route_table_id": "rtb-0fb8a26d6a060f31c",
            "subnet_id": "subnet-0ddacf76e1749b09e",
            "timeouts": null
          },
          "sensitive_attributes": [],
          "private": "eyJlMmJmYjczMC1lY2FhLTExZTYtOGY4OC0zNDM2M2JjN2M0YzAiOnsiY3JlYXRlIjozMDAwMDAwMDAwMDAsImRlbGV0ZSI6MzAwMDAwMDAwMDAwLCJ1cGRhdGUiOjEyMDAwMDAwMDAwMH19",
          "dependencies": [
            "module.IGW_module.aws_internet_gateway.igw",
            "module.aws_subnet_module.aws_subnet.acme_subnet",
            "module.aws_vpc_module.aws_vpc.acme_vpc",
            "module.eip_module.aws_eip.natgw_eip",
            "module.nat_gateway_module.aws_nat_gateway.ngw",
            "module.rtb_module.aws_route_table.rtb"
          ]
        }
      ]
    },
    {
      "module": "module.rtb_assoc_module[\"private_rtb_assoc02\"]",
      "mode": "managed",
      "type": "aws_route_table_association",
      "name": "a",
      "provider": "provider[\"registry.terraform.io/hashicorp/aws\"]",
      "instances": [
        {
          "schema_version": 0,
          "attributes": {
            "gateway_id": "",
            "id": "rtbassoc-0bc49e27613dd79a2",
            "route_table_id": "rtb-088170973eb2c4ad4",
            "subnet_id": "subnet-0681b8281ec578b1a",
            "timeouts": null
          },
          "sensitive_attributes": [],
          "private": "eyJlMmJmYjczMC1lY2FhLTExZTYtOGY4OC0zNDM2M2JjN2M0YzAiOnsiY3JlYXRlIjozMDAwMDAwMDAwMDAsImRlbGV0ZSI6MzAwMDAwMDAwMDAwLCJ1cGRhdGUiOjEyMDAwMDAwMDAwMH19",
          "dependencies": [
            "module.IGW_module.aws_internet_gateway.igw",
            "module.aws_subnet_module.aws_subnet.acme_subnet",
            "module.aws_vpc_module.aws_vpc.acme_vpc",
            "module.eip_module.aws_eip.natgw_eip",
            "module.nat_gateway_module.aws_nat_gateway.ngw",
            "module.rtb_module.aws_route_table.rtb"
          ]
        }
      ]
    },
    {
      "module": "module.rtb_assoc_module[\"public_rtb_assoc01\"]",
      "mode": "managed",
      "type": "aws_route_table_association",
      "name": "a",
      "provider": "provider[\"registry.terraform.io/hashicorp/aws\"]",
      "instances": [
        {
          "schema_version": 0,
          "attributes": {
            "gateway_id": "",
            "id": "rtbassoc-00d5c5631d7b13b3e",
            "route_table_id": "rtb-018b9ebfbf36bd109",
            "subnet_id": "subnet-09224a0b77ad062d1",
            "timeouts": null
          },
          "sensitive_attributes": [],
          "private": "eyJlMmJmYjczMC1lY2FhLTExZTYtOGY4OC0zNDM2M2JjN2M0YzAiOnsiY3JlYXRlIjozMDAwMDAwMDAwMDAsImRlbGV0ZSI6MzAwMDAwMDAwMDAwLCJ1cGRhdGUiOjEyMDAwMDAwMDAwMH19",
          "dependencies": [
            "module.IGW_module.aws_internet_gateway.igw",
            "module.aws_subnet_module.aws_subnet.acme_subnet",
            "module.aws_vpc_module.aws_vpc.acme_vpc",
            "module.eip_module.aws_eip.natgw_eip",
            "module.nat_gateway_module.aws_nat_gateway.ngw",
            "module.rtb_module.aws_route_table.rtb"
          ]
        }
      ]
    },
    {
      "module": "module.rtb_assoc_module[\"public_rtb_assoc02\"]",
      "mode": "managed",
      "type": "aws_route_table_association",
      "name": "a",
      "provider": "provider[\"registry.terraform.io/hashicorp/aws\"]",
      "instances": [
        {
          "schema_version": 0,
          "attributes": {
            "gateway_id": "",
            "id": "rtbassoc-08f38bcf76d520a88",
            "route_table_id": "rtb-018b9ebfbf36bd109",
            "subnet_id": "subnet-05a9e9786e2a4b869",
            "timeouts": null
          },
          "sensitive_attributes": [],
          "private": "eyJlMmJmYjczMC1lY2FhLTExZTYtOGY4OC0zNDM2M2JjN2M0YzAiOnsiY3JlYXRlIjozMDAwMDAwMDAwMDAsImRlbGV0ZSI6MzAwMDAwMDAwMDAwLCJ1cGRhdGUiOjEyMDAwMDAwMDAwMH19",
          "dependencies": [
            "module.IGW_module.aws_internet_gateway.igw",
            "module.aws_subnet_module.aws_subnet.acme_subnet",
            "module.aws_vpc_module.aws_vpc.acme_vpc",
            "module.eip_module.aws_eip.natgw_eip",
            "module.nat_gateway_module.aws_nat_gateway.ngw",
            "module.rtb_module.aws_route_table.rtb"
          ]
        }
      ]
    },
    {
      "module": "module.rtb_module[\"privatertb01\"]",
      "mode": "managed",
      "type": "aws_route_table",
      "name": "rtb",
      "provider": "provider[\"registry.terraform.io/hashicorp/aws\"]",
      "instances": [
        {
          "schema_version": 0,
          "attributes": {
            "arn": "arn:aws:ec2:us-east-1:185439933271:route-table/rtb-0fb8a26d6a060f31c",
            "id": "rtb-0fb8a26d6a060f31c",
            "owner_id": "185439933271",
            "propagating_vgws": [],
            "route": [
              {
                "carrier_gateway_id": "",
                "cidr_block": "0.0.0.0/0",
                "core_network_arn": "",
                "destination_prefix_list_id": "",
                "egress_only_gateway_id": "",
                "gateway_id": "nat-067eafd8362c9e285",
                "instance_id": "",
                "ipv6_cidr_block": "",
                "local_gateway_id": "",
                "nat_gateway_id": "",
                "network_interface_id": "",
                "transit_gateway_id": "",
                "vpc_endpoint_id": "",
                "vpc_peering_connection_id": ""
              }
            ],
            "tags": {
              "Name": "private-rtb1"
            },
            "tags_all": {
              "Name": "private-rtb1"
            },
            "timeouts": null,
            "vpc_id": "vpc-03a5dd5d59ca1b1fa"
          },
          "sensitive_attributes": [],
          "private": "eyJlMmJmYjczMC1lY2FhLTExZTYtOGY4OC0zNDM2M2JjN2M0YzAiOnsiY3JlYXRlIjozMDAwMDAwMDAwMDAsImRlbGV0ZSI6MzAwMDAwMDAwMDAwLCJ1cGRhdGUiOjEyMDAwMDAwMDAwMH19",
          "dependencies": [
            "module.IGW_module.aws_internet_gateway.igw",
            "module.aws_subnet_module.aws_subnet.acme_subnet",
            "module.aws_vpc_module.aws_vpc.acme_vpc",
            "module.eip_module.aws_eip.natgw_eip",
            "module.nat_gateway_module.aws_nat_gateway.ngw"
          ]
        }
      ]
    },
    {
      "module": "module.rtb_module[\"privatertb02\"]",
      "mode": "managed",
      "type": "aws_route_table",
      "name": "rtb",
      "provider": "provider[\"registry.terraform.io/hashicorp/aws\"]",
      "instances": [
        {
          "schema_version": 0,
          "attributes": {
            "arn": "arn:aws:ec2:us-east-1:185439933271:route-table/rtb-088170973eb2c4ad4",
            "id": "rtb-088170973eb2c4ad4",
            "owner_id": "185439933271",
            "propagating_vgws": [],
            "route": [
              {
                "carrier_gateway_id": "",
                "cidr_block": "0.0.0.0/0",
                "core_network_arn": "",
                "destination_prefix_list_id": "",
                "egress_only_gateway_id": "",
                "gateway_id": "nat-0e30cf42c21d0a4c2",
                "instance_id": "",
                "ipv6_cidr_block": "",
                "local_gateway_id": "",
                "nat_gateway_id": "",
                "network_interface_id": "",
                "transit_gateway_id": "",
                "vpc_endpoint_id": "",
                "vpc_peering_connection_id": ""
              }
            ],
            "tags": {
              "Name": "private-rtb2"
            },
            "tags_all": {
              "Name": "private-rtb2"
            },
            "timeouts": null,
            "vpc_id": "vpc-03a5dd5d59ca1b1fa"
          },
          "sensitive_attributes": [],
          "private": "eyJlMmJmYjczMC1lY2FhLTExZTYtOGY4OC0zNDM2M2JjN2M0YzAiOnsiY3JlYXRlIjozMDAwMDAwMDAwMDAsImRlbGV0ZSI6MzAwMDAwMDAwMDAwLCJ1cGRhdGUiOjEyMDAwMDAwMDAwMH19",
          "dependencies": [
            "module.IGW_module.aws_internet_gateway.igw",
            "module.aws_subnet_module.aws_subnet.acme_subnet",
            "module.aws_vpc_module.aws_vpc.acme_vpc",
            "module.eip_module.aws_eip.natgw_eip",
            "module.nat_gateway_module.aws_nat_gateway.ngw"
          ]
        }
      ]
    },
    {
      "module": "module.rtb_module[\"publicrtb01\"]",
      "mode": "managed",
      "type": "aws_route_table",
      "name": "rtb",
      "provider": "provider[\"registry.terraform.io/hashicorp/aws\"]",
      "instances": [
        {
          "schema_version": 0,
          "attributes": {
            "arn": "arn:aws:ec2:us-east-1:185439933271:route-table/rtb-018b9ebfbf36bd109",
            "id": "rtb-018b9ebfbf36bd109",
            "owner_id": "185439933271",
            "propagating_vgws": [],
            "route": [
              {
                "carrier_gateway_id": "",
                "cidr_block": "0.0.0.0/0",
                "core_network_arn": "",
                "destination_prefix_list_id": "",
                "egress_only_gateway_id": "",
                "gateway_id": "igw-051afea9123197492",
                "instance_id": "",
                "ipv6_cidr_block": "",
                "local_gateway_id": "",
                "nat_gateway_id": "",
                "network_interface_id": "",
                "transit_gateway_id": "",
                "vpc_endpoint_id": "",
                "vpc_peering_connection_id": ""
              }
            ],
            "tags": {
              "Name": "public-rtb1"
            },
            "tags_all": {
              "Name": "public-rtb1"
            },
            "timeouts": null,
            "vpc_id": "vpc-03a5dd5d59ca1b1fa"
          },
          "sensitive_attributes": [],
          "private": "eyJlMmJmYjczMC1lY2FhLTExZTYtOGY4OC0zNDM2M2JjN2M0YzAiOnsiY3JlYXRlIjozMDAwMDAwMDAwMDAsImRlbGV0ZSI6MzAwMDAwMDAwMDAwLCJ1cGRhdGUiOjEyMDAwMDAwMDAwMH19",
          "dependencies": [
            "module.IGW_module.aws_internet_gateway.igw",
            "module.aws_subnet_module.aws_subnet.acme_subnet",
            "module.aws_vpc_module.aws_vpc.acme_vpc",
            "module.eip_module.aws_eip.natgw_eip",
            "module.nat_gateway_module.aws_nat_gateway.ngw"
          ]
        }
      ]
    }
  ],
  "check_results": null
}
