{
  "version": 4,
  "terraform_version": "1.4.2",
  "serial": 30,
  "lineage": "6bcd73a1-679f-e7c9-3b64-e68d466cb34f",
  "outputs": {},
  "resources": [
    {
      "module": "module.IGW_module[\"igw01\"]",
      "mode": "managed",
      "type": "aws_internet_gateway",
      "name": "igw",
      "provider": "provider[\"registry.terraform.io/hashicorp/aws\"]",
      "instances": [
        {
          "schema_version": 0,
          "attributes": {
            "arn": "arn:aws:ec2:us-east-1:185439933271:internet-gateway/igw-0694fb89e6ae6415f",
            "id": "igw-0694fb89e6ae6415f",
            "owner_id": "185439933271",
            "tags": {
              "Name": "ACME-IGW"
            },
            "tags_all": {
              "Name": "ACME-IGW"
            },
            "timeouts": null,
            "vpc_id": "vpc-0e04c9afa197c58da"
          },
          "sensitive_attributes": [],
          "private": "eyJlMmJmYjczMC1lY2FhLTExZTYtOGY4OC0zNDM2M2JjN2M0YzAiOnsiY3JlYXRlIjoxMjAwMDAwMDAwMDAwLCJkZWxldGUiOjEyMDAwMDAwMDAwMDAsInVwZGF0ZSI6MTIwMDAwMDAwMDAwMH19",
          "dependencies": [
            "module.aws_vpc_module.aws_vpc.acme_vpc"
          ]
        }
      ]
    },
    {
      "module": "module.aws_subnet_module[\"private_us_east_1a\"]",
      "mode": "managed",
      "type": "aws_subnet",
      "name": "acme_subnet",
      "provider": "provider[\"registry.terraform.io/hashicorp/aws\"]",
      "instances": [
        {
          "schema_version": 1,
          "attributes": {
            "arn": "arn:aws:ec2:us-east-1:185439933271:subnet/subnet-01bd9fc8d1c41f88d",
            "assign_ipv6_address_on_creation": false,
            "availability_zone": "us-east-1b",
            "availability_zone_id": "use1-az2",
            "cidr_block": "10.0.128.0/18",
            "customer_owned_ipv4_pool": "",
            "enable_dns64": false,
            "enable_lni_at_device_index": 0,
            "enable_resource_name_dns_a_record_on_launch": false,
            "enable_resource_name_dns_aaaa_record_on_launch": false,
            "id": "subnet-01bd9fc8d1c41f88d",
            "ipv6_cidr_block": "",
            "ipv6_cidr_block_association_id": "",
            "ipv6_native": false,
            "map_customer_owned_ip_on_launch": false,
            "map_public_ip_on_launch": false,
            "outpost_arn": "",
            "owner_id": "185439933271",
            "private_dns_hostname_type_on_launch": "ip-name",
            "tags": {
              "Name": "private_us_east_1a"
            },
            "tags_all": {
              "Name": "private_us_east_1a"
            },
            "timeouts": null,
            "vpc_id": "vpc-0e04c9afa197c58da"
          },
          "sensitive_attributes": [],
          "private": "eyJlMmJmYjczMC1lY2FhLTExZTYtOGY4OC0zNDM2M2JjN2M0YzAiOnsiY3JlYXRlIjo2MDAwMDAwMDAwMDAsImRlbGV0ZSI6MTIwMDAwMDAwMDAwMH0sInNjaGVtYV92ZXJzaW9uIjoiMSJ9",
          "dependencies": [
            "module.aws_vpc_module.aws_vpc.acme_vpc"
          ]
        }
      ]
    },
    {
      "module": "module.aws_subnet_module[\"private_us_east_1b\"]",
      "mode": "managed",
      "type": "aws_subnet",
      "name": "acme_subnet",
      "provider": "provider[\"registry.terraform.io/hashicorp/aws\"]",
      "instances": [
        {
          "schema_version": 1,
          "attributes": {
            "arn": "arn:aws:ec2:us-east-1:185439933271:subnet/subnet-03b6db474db553674",
            "assign_ipv6_address_on_creation": false,
            "availability_zone": "us-east-1b",
            "availability_zone_id": "use1-az2",
            "cidr_block": "10.0.192.0/18",
            "customer_owned_ipv4_pool": "",
            "enable_dns64": false,
            "enable_lni_at_device_index": 0,
            "enable_resource_name_dns_a_record_on_launch": false,
            "enable_resource_name_dns_aaaa_record_on_launch": false,
            "id": "subnet-03b6db474db553674",
            "ipv6_cidr_block": "",
            "ipv6_cidr_block_association_id": "",
            "ipv6_native": false,
            "map_customer_owned_ip_on_launch": false,
            "map_public_ip_on_launch": false,
            "outpost_arn": "",
            "owner_id": "185439933271",
            "private_dns_hostname_type_on_launch": "ip-name",
            "tags": {
              "Name": "private_us_east_1b"
            },
            "tags_all": {
              "Name": "private_us_east_1b"
            },
            "timeouts": null,
            "vpc_id": "vpc-0e04c9afa197c58da"
          },
          "sensitive_attributes": [],
          "private": "eyJlMmJmYjczMC1lY2FhLTExZTYtOGY4OC0zNDM2M2JjN2M0YzAiOnsiY3JlYXRlIjo2MDAwMDAwMDAwMDAsImRlbGV0ZSI6MTIwMDAwMDAwMDAwMH0sInNjaGVtYV92ZXJzaW9uIjoiMSJ9",
          "dependencies": [
            "module.aws_vpc_module.aws_vpc.acme_vpc"
          ]
        }
      ]
    },
    {
      "module": "module.aws_subnet_module[\"public_us_east_1a\"]",
      "mode": "managed",
      "type": "aws_subnet",
      "name": "acme_subnet",
      "provider": "provider[\"registry.terraform.io/hashicorp/aws\"]",
      "instances": [
        {
          "schema_version": 1,
          "attributes": {
            "arn": "arn:aws:ec2:us-east-1:185439933271:subnet/subnet-0d2af870410a7df41",
            "assign_ipv6_address_on_creation": false,
            "availability_zone": "us-east-1a",
            "availability_zone_id": "use1-az1",
            "cidr_block": "10.0.0.0/18",
            "customer_owned_ipv4_pool": "",
            "enable_dns64": false,
            "enable_lni_at_device_index": 0,
            "enable_resource_name_dns_a_record_on_launch": false,
            "enable_resource_name_dns_aaaa_record_on_launch": false,
            "id": "subnet-0d2af870410a7df41",
            "ipv6_cidr_block": "",
            "ipv6_cidr_block_association_id": "",
            "ipv6_native": false,
            "map_customer_owned_ip_on_launch": false,
            "map_public_ip_on_launch": false,
            "outpost_arn": "",
            "owner_id": "185439933271",
            "private_dns_hostname_type_on_launch": "ip-name",
            "tags": {
              "Name": "public_us_east_1a"
            },
            "tags_all": {
              "Name": "public_us_east_1a"
            },
            "timeouts": null,
            "vpc_id": "vpc-0e04c9afa197c58da"
          },
          "sensitive_attributes": [],
          "private": "eyJlMmJmYjczMC1lY2FhLTExZTYtOGY4OC0zNDM2M2JjN2M0YzAiOnsiY3JlYXRlIjo2MDAwMDAwMDAwMDAsImRlbGV0ZSI6MTIwMDAwMDAwMDAwMH0sInNjaGVtYV92ZXJzaW9uIjoiMSJ9",
          "dependencies": [
            "module.aws_vpc_module.aws_vpc.acme_vpc"
          ]
        }
      ]
    },
    {
      "module": "module.aws_subnet_module[\"public_us_east_1b\"]",
      "mode": "managed",
      "type": "aws_subnet",
      "name": "acme_subnet",
      "provider": "provider[\"registry.terraform.io/hashicorp/aws\"]",
      "instances": [
        {
          "schema_version": 1,
          "attributes": {
            "arn": "arn:aws:ec2:us-east-1:185439933271:subnet/subnet-031989c9872f46f7a",
            "assign_ipv6_address_on_creation": false,
            "availability_zone": "us-east-1b",
            "availability_zone_id": "use1-az2",
            "cidr_block": "10.0.64.0/18",
            "customer_owned_ipv4_pool": "",
            "enable_dns64": false,
            "enable_lni_at_device_index": 0,
            "enable_resource_name_dns_a_record_on_launch": false,
            "enable_resource_name_dns_aaaa_record_on_launch": false,
            "id": "subnet-031989c9872f46f7a",
            "ipv6_cidr_block": "",
            "ipv6_cidr_block_association_id": "",
            "ipv6_native": false,
            "map_customer_owned_ip_on_launch": false,
            "map_public_ip_on_launch": false,
            "outpost_arn": "",
            "owner_id": "185439933271",
            "private_dns_hostname_type_on_launch": "ip-name",
            "tags": {
              "Name": "public_us_east_1b"
            },
            "tags_all": {
              "Name": "public_us_east_1b"
            },
            "timeouts": null,
            "vpc_id": "vpc-0e04c9afa197c58da"
          },
          "sensitive_attributes": [],
          "private": "eyJlMmJmYjczMC1lY2FhLTExZTYtOGY4OC0zNDM2M2JjN2M0YzAiOnsiY3JlYXRlIjo2MDAwMDAwMDAwMDAsImRlbGV0ZSI6MTIwMDAwMDAwMDAwMH0sInNjaGVtYV92ZXJzaW9uIjoiMSJ9",
          "dependencies": [
            "module.aws_vpc_module.aws_vpc.acme_vpc"
          ]
        }
      ]
    },
    {
      "module": "module.aws_vpc_module[\"vpc01\"]",
      "mode": "managed",
      "type": "aws_vpc",
      "name": "acme_vpc",
      "provider": "provider[\"registry.terraform.io/hashicorp/aws\"]",
      "instances": [
        {
          "schema_version": 1,
          "attributes": {
            "arn": "arn:aws:ec2:us-east-1:185439933271:vpc/vpc-0e04c9afa197c58da",
            "assign_generated_ipv6_cidr_block": false,
            "cidr_block": "10.0.0.0/16",
            "default_network_acl_id": "acl-07a7cb74c57da7029",
            "default_route_table_id": "rtb-05eb6b5beb6bbd635",
            "default_security_group_id": "sg-0d6272d91849c56c1",
            "dhcp_options_id": "dopt-08c8ad08e86cbad56",
            "enable_classiclink": false,
            "enable_classiclink_dns_support": false,
            "enable_dns_hostnames": false,
            "enable_dns_support": true,
            "enable_network_address_usage_metrics": false,
            "id": "vpc-0e04c9afa197c58da",
            "instance_tenancy": "default",
            "ipv4_ipam_pool_id": null,
            "ipv4_netmask_length": null,
            "ipv6_association_id": "",
            "ipv6_cidr_block": "",
            "ipv6_cidr_block_network_border_group": "",
            "ipv6_ipam_pool_id": "",
            "ipv6_netmask_length": 0,
            "main_route_table_id": "rtb-05eb6b5beb6bbd635",
            "owner_id": "185439933271",
            "tags": {
              "Name": "ACME-vpc"
            },
            "tags_all": {
              "Name": "ACME-vpc"
            }
          },
          "sensitive_attributes": [],
          "private": "eyJzY2hlbWFfdmVyc2lvbiI6IjEifQ=="
        }
      ]
    },
    {
      "module": "module.eip_module[\"eip01\"]",
      "mode": "managed",
      "type": "aws_eip",
      "name": "natgw_eip",
      "provider": "provider[\"registry.terraform.io/hashicorp/aws\"]",
      "instances": [
        {
          "schema_version": 0,
          "attributes": {
            "address": null,
            "allocation_id": "eipalloc-0c39de0a0bcbff6ef",
            "associate_with_private_ip": null,
            "association_id": "",
            "carrier_ip": "",
            "customer_owned_ip": "",
            "customer_owned_ipv4_pool": "",
            "domain": "vpc",
            "id": "eipalloc-0c39de0a0bcbff6ef",
            "instance": "",
            "network_border_group": "us-east-1",
            "network_interface": "",
            "private_dns": null,
            "private_ip": "",
            "public_dns": "ec2-54-158-73-43.compute-1.amazonaws.com",
            "public_ip": "54.158.73.43",
            "public_ipv4_pool": "amazon",
            "tags": {
              "Name": "elasticIP01"
            },
            "tags_all": {
              "Name": "elasticIP01"
            },
            "timeouts": null,
            "vpc": true
          },
          "sensitive_attributes": [],
          "private": "eyJlMmJmYjczMC1lY2FhLTExZTYtOGY4OC0zNDM2M2JjN2M0YzAiOnsiZGVsZXRlIjoxODAwMDAwMDAwMDAsInJlYWQiOjkwMDAwMDAwMDAwMCwidXBkYXRlIjozMDAwMDAwMDAwMDB9fQ=="
        }
      ]
    },
    {
      "module": "module.eip_module[\"eip02\"]",
      "mode": "managed",
      "type": "aws_eip",
      "name": "natgw_eip",
      "provider": "provider[\"registry.terraform.io/hashicorp/aws\"]",
      "instances": [
        {
          "schema_version": 0,
          "attributes": {
            "address": null,
            "allocation_id": "eipalloc-0fef33526fb6568c5",
            "associate_with_private_ip": null,
            "association_id": "",
            "carrier_ip": "",
            "customer_owned_ip": "",
            "customer_owned_ipv4_pool": "",
            "domain": "vpc",
            "id": "eipalloc-0fef33526fb6568c5",
            "instance": "",
            "network_border_group": "us-east-1",
            "network_interface": "",
            "private_dns": null,
            "private_ip": "",
            "public_dns": "ec2-44-206-47-35.compute-1.amazonaws.com",
            "public_ip": "44.206.47.35",
            "public_ipv4_pool": "amazon",
            "tags": {
              "Name": "elasticIP02"
            },
            "tags_all": {
              "Name": "elasticIP02"
            },
            "timeouts": null,
            "vpc": true
          },
          "sensitive_attributes": [],
          "private": "eyJlMmJmYjczMC1lY2FhLTExZTYtOGY4OC0zNDM2M2JjN2M0YzAiOnsiZGVsZXRlIjoxODAwMDAwMDAwMDAsInJlYWQiOjkwMDAwMDAwMDAwMCwidXBkYXRlIjozMDAwMDAwMDAwMDB9fQ=="
        }
      ]
    },
    {
      "module": "module.nat_gateway_module[\"natgw01\"]",
      "mode": "managed",
      "type": "aws_nat_gateway",
      "name": "ngw",
      "provider": "provider[\"registry.terraform.io/hashicorp/aws\"]",
      "instances": [
        {
          "schema_version": 0,
          "attributes": {
            "allocation_id": "eipalloc-0c39de0a0bcbff6ef",
            "association_id": "eipassoc-0254420a01c596e3a",
            "connectivity_type": "public",
            "id": "nat-0fa553dd005751f93",
            "network_interface_id": "eni-04275ff5d30be8ca3",
            "private_ip": "10.0.32.134",
            "public_ip": "54.158.73.43",
            "subnet_id": "subnet-0d2af870410a7df41",
            "tags": {
              "Name": "natgw01"
            },
            "tags_all": {
              "Name": "natgw01"
            }
          },
          "sensitive_attributes": [],
          "private": "bnVsbA==",
          "dependencies": [
            "module.aws_subnet_module.aws_subnet.acme_subnet",
            "module.aws_vpc_module.aws_vpc.acme_vpc",
            "module.eip_module.aws_eip.natgw_eip"
          ]
        }
      ]
    },
    {
      "module": "module.nat_gateway_module[\"natgw02\"]",
      "mode": "managed",
      "type": "aws_nat_gateway",
      "name": "ngw",
      "provider": "provider[\"registry.terraform.io/hashicorp/aws\"]",
      "instances": [
        {
          "schema_version": 0,
          "attributes": {
            "allocation_id": "eipalloc-0fef33526fb6568c5",
            "association_id": "eipassoc-0d795be9a08871dc5",
            "connectivity_type": "public",
            "id": "nat-07a0b22cc4e2a7bd2",
            "network_interface_id": "eni-0a20e6e08ac912af7",
            "private_ip": "10.0.106.44",
            "public_ip": "44.206.47.35",
            "subnet_id": "subnet-031989c9872f46f7a",
            "tags": {
              "Name": "natgw02"
            },
            "tags_all": {
              "Name": "natgw02"
            }
          },
          "sensitive_attributes": [],
          "private": "bnVsbA==",
          "dependencies": [
            "module.aws_subnet_module.aws_subnet.acme_subnet",
            "module.aws_vpc_module.aws_vpc.acme_vpc",
            "module.eip_module.aws_eip.natgw_eip"
          ]
        }
      ]
    },
    {
      "module": "module.rtb_assoc_module[\"private_rtb_assoc01\"]",
      "mode": "managed",
      "type": "aws_route_table_association",
      "name": "a",
      "provider": "provider[\"registry.terraform.io/hashicorp/aws\"]",
      "instances": [
        {
          "schema_version": 0,
          "attributes": {
            "gateway_id": "",
            "id": "rtbassoc-01b2d5fb350d15d60",
            "route_table_id": "rtb-07c4b8c213dea027d",
            "subnet_id": "subnet-01bd9fc8d1c41f88d",
            "timeouts": null
          },
          "sensitive_attributes": [],
          "private": "eyJlMmJmYjczMC1lY2FhLTExZTYtOGY4OC0zNDM2M2JjN2M0YzAiOnsiY3JlYXRlIjozMDAwMDAwMDAwMDAsImRlbGV0ZSI6MzAwMDAwMDAwMDAwLCJ1cGRhdGUiOjEyMDAwMDAwMDAwMH19",
          "dependencies": [
            "module.IGW_module.aws_internet_gateway.igw",
            "module.aws_subnet_module.aws_subnet.acme_subnet",
            "module.aws_vpc_module.aws_vpc.acme_vpc",
            "module.eip_module.aws_eip.natgw_eip",
            "module.nat_gateway_module.aws_nat_gateway.ngw",
            "module.rtb_module.aws_route_table.rtb"
          ]
        }
      ]
    },
    {
      "module": "module.rtb_assoc_module[\"private_rtb_assoc02\"]",
      "mode": "managed",
      "type": "aws_route_table_association",
      "name": "a",
      "provider": "provider[\"registry.terraform.io/hashicorp/aws\"]",
      "instances": [
        {
          "schema_version": 0,
          "attributes": {
            "gateway_id": "",
            "id": "rtbassoc-05b30b4cddcafe4dd",
            "route_table_id": "rtb-024bb05f98cb3178a",
            "subnet_id": "subnet-03b6db474db553674",
            "timeouts": null
          },
          "sensitive_attributes": [],
          "private": "eyJlMmJmYjczMC1lY2FhLTExZTYtOGY4OC0zNDM2M2JjN2M0YzAiOnsiY3JlYXRlIjozMDAwMDAwMDAwMDAsImRlbGV0ZSI6MzAwMDAwMDAwMDAwLCJ1cGRhdGUiOjEyMDAwMDAwMDAwMH19",
          "dependencies": [
            "module.IGW_module.aws_internet_gateway.igw",
            "module.aws_subnet_module.aws_subnet.acme_subnet",
            "module.aws_vpc_module.aws_vpc.acme_vpc",
            "module.eip_module.aws_eip.natgw_eip",
            "module.nat_gateway_module.aws_nat_gateway.ngw",
            "module.rtb_module.aws_route_table.rtb"
          ]
        }
      ]
    },
    {
      "module": "module.rtb_assoc_module[\"public_rtb_assoc01\"]",
      "mode": "managed",
      "type": "aws_route_table_association",
      "name": "a",
      "provider": "provider[\"registry.terraform.io/hashicorp/aws\"]",
      "instances": [
        {
          "schema_version": 0,
          "attributes": {
            "gateway_id": "",
            "id": "rtbassoc-0f1c29d9e153983c7",
            "route_table_id": "rtb-030195eb9c11ee653",
            "subnet_id": "subnet-0d2af870410a7df41",
            "timeouts": null
          },
          "sensitive_attributes": [],
          "private": "eyJlMmJmYjczMC1lY2FhLTExZTYtOGY4OC0zNDM2M2JjN2M0YzAiOnsiY3JlYXRlIjozMDAwMDAwMDAwMDAsImRlbGV0ZSI6MzAwMDAwMDAwMDAwLCJ1cGRhdGUiOjEyMDAwMDAwMDAwMH19",
          "dependencies": [
            "module.IGW_module.aws_internet_gateway.igw",
            "module.aws_subnet_module.aws_subnet.acme_subnet",
            "module.aws_vpc_module.aws_vpc.acme_vpc",
            "module.eip_module.aws_eip.natgw_eip",
            "module.nat_gateway_module.aws_nat_gateway.ngw",
            "module.rtb_module.aws_route_table.rtb"
          ]
        }
      ]
    },
    {
      "module": "module.rtb_assoc_module[\"public_rtb_assoc02\"]",
      "mode": "managed",
      "type": "aws_route_table_association",
      "name": "a",
      "provider": "provider[\"registry.terraform.io/hashicorp/aws\"]",
      "instances": [
        {
          "schema_version": 0,
          "attributes": {
            "gateway_id": "",
            "id": "rtbassoc-09920340ca79ce5c9",
            "route_table_id": "rtb-030195eb9c11ee653",
            "subnet_id": "subnet-031989c9872f46f7a",
            "timeouts": null
          },
          "sensitive_attributes": [],
          "private": "eyJlMmJmYjczMC1lY2FhLTExZTYtOGY4OC0zNDM2M2JjN2M0YzAiOnsiY3JlYXRlIjozMDAwMDAwMDAwMDAsImRlbGV0ZSI6MzAwMDAwMDAwMDAwLCJ1cGRhdGUiOjEyMDAwMDAwMDAwMH19",
          "dependencies": [
            "module.IGW_module.aws_internet_gateway.igw",
            "module.aws_subnet_module.aws_subnet.acme_subnet",
            "module.aws_vpc_module.aws_vpc.acme_vpc",
            "module.eip_module.aws_eip.natgw_eip",
            "module.nat_gateway_module.aws_nat_gateway.ngw",
            "module.rtb_module.aws_route_table.rtb"
          ]
        }
      ]
    },
    {
      "module": "module.rtb_module[\"privatertb01\"]",
      "mode": "managed",
      "type": "aws_route_table",
      "name": "rtb",
      "provider": "provider[\"registry.terraform.io/hashicorp/aws\"]",
      "instances": [
        {
          "schema_version": 0,
          "attributes": {
            "arn": "arn:aws:ec2:us-east-1:185439933271:route-table/rtb-07c4b8c213dea027d",
            "id": "rtb-07c4b8c213dea027d",
            "owner_id": "185439933271",
            "propagating_vgws": [],
            "route": [
              {
                "carrier_gateway_id": "",
                "cidr_block": "0.0.0.0/0",
                "core_network_arn": "",
                "destination_prefix_list_id": "",
                "egress_only_gateway_id": "",
                "gateway_id": "nat-0fa553dd005751f93",
                "instance_id": "",
                "ipv6_cidr_block": "",
                "local_gateway_id": "",
                "nat_gateway_id": "",
                "network_interface_id": "",
                "transit_gateway_id": "",
                "vpc_endpoint_id": "",
                "vpc_peering_connection_id": ""
              }
            ],
            "tags": {
              "Name": "private-rtb1"
            },
            "tags_all": {
              "Name": "private-rtb1"
            },
            "timeouts": null,
            "vpc_id": "vpc-0e04c9afa197c58da"
          },
          "sensitive_attributes": [],
          "private": "eyJlMmJmYjczMC1lY2FhLTExZTYtOGY4OC0zNDM2M2JjN2M0YzAiOnsiY3JlYXRlIjozMDAwMDAwMDAwMDAsImRlbGV0ZSI6MzAwMDAwMDAwMDAwLCJ1cGRhdGUiOjEyMDAwMDAwMDAwMH19",
          "dependencies": [
            "module.IGW_module.aws_internet_gateway.igw",
            "module.aws_subnet_module.aws_subnet.acme_subnet",
            "module.aws_vpc_module.aws_vpc.acme_vpc",
            "module.eip_module.aws_eip.natgw_eip",
            "module.nat_gateway_module.aws_nat_gateway.ngw"
          ]
        }
      ]
    },
    {
      "module": "module.rtb_module[\"privatertb02\"]",
      "mode": "managed",
      "type": "aws_route_table",
      "name": "rtb",
      "provider": "provider[\"registry.terraform.io/hashicorp/aws\"]",
      "instances": [
        {
          "schema_version": 0,
          "attributes": {
            "arn": "arn:aws:ec2:us-east-1:185439933271:route-table/rtb-024bb05f98cb3178a",
            "id": "rtb-024bb05f98cb3178a",
            "owner_id": "185439933271",
            "propagating_vgws": [],
            "route": [
              {
                "carrier_gateway_id": "",
                "cidr_block": "0.0.0.0/0",
                "core_network_arn": "",
                "destination_prefix_list_id": "",
                "egress_only_gateway_id": "",
                "gateway_id": "nat-07a0b22cc4e2a7bd2",
                "instance_id": "",
                "ipv6_cidr_block": "",
                "local_gateway_id": "",
                "nat_gateway_id": "",
                "network_interface_id": "",
                "transit_gateway_id": "",
                "vpc_endpoint_id": "",
                "vpc_peering_connection_id": ""
              }
            ],
            "tags": {
              "Name": "private-rtb2"
            },
            "tags_all": {
              "Name": "private-rtb2"
            },
            "timeouts": null,
            "vpc_id": "vpc-0e04c9afa197c58da"
          },
          "sensitive_attributes": [],
          "private": "eyJlMmJmYjczMC1lY2FhLTExZTYtOGY4OC0zNDM2M2JjN2M0YzAiOnsiY3JlYXRlIjozMDAwMDAwMDAwMDAsImRlbGV0ZSI6MzAwMDAwMDAwMDAwLCJ1cGRhdGUiOjEyMDAwMDAwMDAwMH19",
          "dependencies": [
            "module.IGW_module.aws_internet_gateway.igw",
            "module.aws_subnet_module.aws_subnet.acme_subnet",
            "module.aws_vpc_module.aws_vpc.acme_vpc",
            "module.eip_module.aws_eip.natgw_eip",
            "module.nat_gateway_module.aws_nat_gateway.ngw"
          ]
        }
      ]
    },
    {
      "module": "module.rtb_module[\"publicrtb01\"]",
      "mode": "managed",
      "type": "aws_route_table",
      "name": "rtb",
      "provider": "provider[\"registry.terraform.io/hashicorp/aws\"]",
      "instances": [
        {
          "schema_version": 0,
          "attributes": {
            "arn": "arn:aws:ec2:us-east-1:185439933271:route-table/rtb-030195eb9c11ee653",
            "id": "rtb-030195eb9c11ee653",
            "owner_id": "185439933271",
            "propagating_vgws": [],
            "route": [
              {
                "carrier_gateway_id": "",
                "cidr_block": "0.0.0.0/0",
                "core_network_arn": "",
                "destination_prefix_list_id": "",
                "egress_only_gateway_id": "",
                "gateway_id": "igw-0694fb89e6ae6415f",
                "instance_id": "",
                "ipv6_cidr_block": "",
                "local_gateway_id": "",
                "nat_gateway_id": "",
                "network_interface_id": "",
                "transit_gateway_id": "",
                "vpc_endpoint_id": "",
                "vpc_peering_connection_id": ""
              }
            ],
            "tags": {
              "Name": "public-rtb1"
            },
            "tags_all": {
              "Name": "public-rtb1"
            },
            "timeouts": null,
            "vpc_id": "vpc-0e04c9afa197c58da"
          },
          "sensitive_attributes": [],
          "private": "eyJlMmJmYjczMC1lY2FhLTExZTYtOGY4OC0zNDM2M2JjN2M0YzAiOnsiY3JlYXRlIjozMDAwMDAwMDAwMDAsImRlbGV0ZSI6MzAwMDAwMDAwMDAwLCJ1cGRhdGUiOjEyMDAwMDAwMDAwMH19",
          "dependencies": [
            "module.IGW_module.aws_internet_gateway.igw",
            "module.aws_subnet_module.aws_subnet.acme_subnet",
            "module.aws_vpc_module.aws_vpc.acme_vpc",
            "module.eip_module.aws_eip.natgw_eip",
            "module.nat_gateway_module.aws_nat_gateway.ngw"
          ]
        }
      ]
    }
  ],
  "check_results": null
}
