{
  "version": 4,
  "terraform_version": "1.4.2",
  "serial": 279,
  "lineage": "6bcd73a1-679f-e7c9-3b64-e68d466cb34f",
  "outputs": {},
  "resources": [
    {
      "module": "module.IGW_module[\"igw01\"]",
      "mode": "managed",
      "type": "aws_internet_gateway",
      "name": "igw",
      "provider": "provider[\"registry.terraform.io/hashicorp/aws\"]",
      "instances": [
        {
          "schema_version": 0,
          "attributes": {
            "arn": "arn:aws:ec2:us-east-1:185439933271:internet-gateway/igw-0508eac288bd32f7d",
            "id": "igw-0508eac288bd32f7d",
            "owner_id": "185439933271",
            "tags": {
              "Name": "ACME-IGW"
            },
            "tags_all": {
              "Name": "ACME-IGW"
            },
            "timeouts": null,
            "vpc_id": "vpc-01394aa08238d281d"
          },
          "sensitive_attributes": [],
          "private": "eyJlMmJmYjczMC1lY2FhLTExZTYtOGY4OC0zNDM2M2JjN2M0YzAiOnsiY3JlYXRlIjoxMjAwMDAwMDAwMDAwLCJkZWxldGUiOjEyMDAwMDAwMDAwMDAsInVwZGF0ZSI6MTIwMDAwMDAwMDAwMH19",
          "dependencies": [
            "module.aws_vpc_module.aws_vpc.acme_vpc"
          ]
        }
      ]
    },
    {
      "module": "module.aws_subnet_module[\"private_us_east_1a\"]",
      "mode": "managed",
      "type": "aws_subnet",
      "name": "acme_subnet",
      "provider": "provider[\"registry.terraform.io/hashicorp/aws\"]",
      "instances": [
        {
          "schema_version": 1,
          "attributes": {
            "arn": "arn:aws:ec2:us-east-1:185439933271:subnet/subnet-01303d1e0d9699576",
            "assign_ipv6_address_on_creation": false,
            "availability_zone": "us-east-1b",
            "availability_zone_id": "use1-az2",
            "cidr_block": "10.0.128.0/18",
            "customer_owned_ipv4_pool": "",
            "enable_dns64": false,
            "enable_lni_at_device_index": 0,
            "enable_resource_name_dns_a_record_on_launch": false,
            "enable_resource_name_dns_aaaa_record_on_launch": false,
            "id": "subnet-01303d1e0d9699576",
            "ipv6_cidr_block": "",
            "ipv6_cidr_block_association_id": "",
            "ipv6_native": false,
            "map_customer_owned_ip_on_launch": false,
            "map_public_ip_on_launch": false,
            "outpost_arn": "",
            "owner_id": "185439933271",
            "private_dns_hostname_type_on_launch": "ip-name",
            "tags": {
              "Name": "private_us_east_1a"
            },
            "tags_all": {
              "Name": "private_us_east_1a"
            },
            "timeouts": null,
            "vpc_id": "vpc-01394aa08238d281d"
          },
          "sensitive_attributes": [],
          "private": "eyJlMmJmYjczMC1lY2FhLTExZTYtOGY4OC0zNDM2M2JjN2M0YzAiOnsiY3JlYXRlIjo2MDAwMDAwMDAwMDAsImRlbGV0ZSI6MTIwMDAwMDAwMDAwMH0sInNjaGVtYV92ZXJzaW9uIjoiMSJ9",
          "dependencies": [
            "module.aws_vpc_module.aws_vpc.acme_vpc"
          ]
        }
      ]
    },
    {
      "module": "module.aws_subnet_module[\"private_us_east_1b\"]",
      "mode": "managed",
      "type": "aws_subnet",
      "name": "acme_subnet",
      "provider": "provider[\"registry.terraform.io/hashicorp/aws\"]",
      "instances": [
        {
          "schema_version": 1,
          "attributes": {
            "arn": "arn:aws:ec2:us-east-1:185439933271:subnet/subnet-0782a10526aebb1cf",
            "assign_ipv6_address_on_creation": false,
            "availability_zone": "us-east-1b",
            "availability_zone_id": "use1-az2",
            "cidr_block": "10.0.192.0/18",
            "customer_owned_ipv4_pool": "",
            "enable_dns64": false,
            "enable_lni_at_device_index": 0,
            "enable_resource_name_dns_a_record_on_launch": false,
            "enable_resource_name_dns_aaaa_record_on_launch": false,
            "id": "subnet-0782a10526aebb1cf",
            "ipv6_cidr_block": "",
            "ipv6_cidr_block_association_id": "",
            "ipv6_native": false,
            "map_customer_owned_ip_on_launch": false,
            "map_public_ip_on_launch": false,
            "outpost_arn": "",
            "owner_id": "185439933271",
            "private_dns_hostname_type_on_launch": "ip-name",
            "tags": {
              "Name": "private_us_east_1b"
            },
            "tags_all": {
              "Name": "private_us_east_1b"
            },
            "timeouts": null,
            "vpc_id": "vpc-01394aa08238d281d"
          },
          "sensitive_attributes": [],
          "private": "eyJlMmJmYjczMC1lY2FhLTExZTYtOGY4OC0zNDM2M2JjN2M0YzAiOnsiY3JlYXRlIjo2MDAwMDAwMDAwMDAsImRlbGV0ZSI6MTIwMDAwMDAwMDAwMH0sInNjaGVtYV92ZXJzaW9uIjoiMSJ9",
          "dependencies": [
            "module.aws_vpc_module.aws_vpc.acme_vpc"
          ]
        }
      ]
    },
    {
      "module": "module.aws_subnet_module[\"public_us_east_1a\"]",
      "mode": "managed",
      "type": "aws_subnet",
      "name": "acme_subnet",
      "provider": "provider[\"registry.terraform.io/hashicorp/aws\"]",
      "instances": [
        {
          "schema_version": 1,
          "attributes": {
            "arn": "arn:aws:ec2:us-east-1:185439933271:subnet/subnet-058fbe90f8c0776b5",
            "assign_ipv6_address_on_creation": false,
            "availability_zone": "us-east-1a",
            "availability_zone_id": "use1-az1",
            "cidr_block": "10.0.0.0/18",
            "customer_owned_ipv4_pool": "",
            "enable_dns64": false,
            "enable_lni_at_device_index": 0,
            "enable_resource_name_dns_a_record_on_launch": false,
            "enable_resource_name_dns_aaaa_record_on_launch": false,
            "id": "subnet-058fbe90f8c0776b5",
            "ipv6_cidr_block": "",
            "ipv6_cidr_block_association_id": "",
            "ipv6_native": false,
            "map_customer_owned_ip_on_launch": false,
            "map_public_ip_on_launch": false,
            "outpost_arn": "",
            "owner_id": "185439933271",
            "private_dns_hostname_type_on_launch": "ip-name",
            "tags": {
              "Name": "public_us_east_1a"
            },
            "tags_all": {
              "Name": "public_us_east_1a"
            },
            "timeouts": null,
            "vpc_id": "vpc-01394aa08238d281d"
          },
          "sensitive_attributes": [],
          "private": "eyJlMmJmYjczMC1lY2FhLTExZTYtOGY4OC0zNDM2M2JjN2M0YzAiOnsiY3JlYXRlIjo2MDAwMDAwMDAwMDAsImRlbGV0ZSI6MTIwMDAwMDAwMDAwMH0sInNjaGVtYV92ZXJzaW9uIjoiMSJ9",
          "dependencies": [
            "module.aws_vpc_module.aws_vpc.acme_vpc"
          ]
        }
      ]
    },
    {
      "module": "module.aws_subnet_module[\"public_us_east_1b\"]",
      "mode": "managed",
      "type": "aws_subnet",
      "name": "acme_subnet",
      "provider": "provider[\"registry.terraform.io/hashicorp/aws\"]",
      "instances": [
        {
          "schema_version": 1,
          "attributes": {
            "arn": "arn:aws:ec2:us-east-1:185439933271:subnet/subnet-01d75141741d83d94",
            "assign_ipv6_address_on_creation": false,
            "availability_zone": "us-east-1b",
            "availability_zone_id": "use1-az2",
            "cidr_block": "10.0.64.0/18",
            "customer_owned_ipv4_pool": "",
            "enable_dns64": false,
            "enable_lni_at_device_index": 0,
            "enable_resource_name_dns_a_record_on_launch": false,
            "enable_resource_name_dns_aaaa_record_on_launch": false,
            "id": "subnet-01d75141741d83d94",
            "ipv6_cidr_block": "",
            "ipv6_cidr_block_association_id": "",
            "ipv6_native": false,
            "map_customer_owned_ip_on_launch": false,
            "map_public_ip_on_launch": false,
            "outpost_arn": "",
            "owner_id": "185439933271",
            "private_dns_hostname_type_on_launch": "ip-name",
            "tags": {
              "Name": "public_us_east_1b"
            },
            "tags_all": {
              "Name": "public_us_east_1b"
            },
            "timeouts": null,
            "vpc_id": "vpc-01394aa08238d281d"
          },
          "sensitive_attributes": [],
          "private": "eyJlMmJmYjczMC1lY2FhLTExZTYtOGY4OC0zNDM2M2JjN2M0YzAiOnsiY3JlYXRlIjo2MDAwMDAwMDAwMDAsImRlbGV0ZSI6MTIwMDAwMDAwMDAwMH0sInNjaGVtYV92ZXJzaW9uIjoiMSJ9",
          "dependencies": [
            "module.aws_vpc_module.aws_vpc.acme_vpc"
          ]
        }
      ]
    },
    {
      "module": "module.aws_vpc_module[\"vpc01\"]",
      "mode": "managed",
      "type": "aws_vpc",
      "name": "acme_vpc",
      "provider": "provider[\"registry.terraform.io/hashicorp/aws\"]",
      "instances": [
        {
          "schema_version": 1,
          "attributes": {
            "arn": "arn:aws:ec2:us-east-1:185439933271:vpc/vpc-01394aa08238d281d",
            "assign_generated_ipv6_cidr_block": false,
            "cidr_block": "10.0.0.0/16",
            "default_network_acl_id": "acl-05dadac2f2e051d8b",
            "default_route_table_id": "rtb-094dce6cf169ebbbb",
            "default_security_group_id": "sg-0175d1c7c1d2eb07f",
            "dhcp_options_id": "dopt-08c8ad08e86cbad56",
            "enable_classiclink": false,
            "enable_classiclink_dns_support": false,
            "enable_dns_hostnames": false,
            "enable_dns_support": true,
            "enable_network_address_usage_metrics": false,
            "id": "vpc-01394aa08238d281d",
            "instance_tenancy": "default",
            "ipv4_ipam_pool_id": null,
            "ipv4_netmask_length": null,
            "ipv6_association_id": "",
            "ipv6_cidr_block": "",
            "ipv6_cidr_block_network_border_group": "",
            "ipv6_ipam_pool_id": "",
            "ipv6_netmask_length": 0,
            "main_route_table_id": "rtb-094dce6cf169ebbbb",
            "owner_id": "185439933271",
            "tags": {
              "Name": "ACME-vpc"
            },
            "tags_all": {
              "Name": "ACME-vpc"
            }
          },
          "sensitive_attributes": [],
          "private": "eyJzY2hlbWFfdmVyc2lvbiI6IjEifQ=="
        }
      ]
    },
    {
      "module": "module.eip_module[\"eip01\"]",
      "mode": "managed",
      "type": "aws_eip",
      "name": "natgw_eip",
      "provider": "provider[\"registry.terraform.io/hashicorp/aws\"]",
      "instances": [
        {
          "schema_version": 0,
          "attributes": {
            "address": null,
            "allocation_id": "eipalloc-06522a3ed5e88c06c",
            "associate_with_private_ip": null,
            "association_id": "",
            "carrier_ip": "",
            "customer_owned_ip": "",
            "customer_owned_ipv4_pool": "",
            "domain": "vpc",
            "id": "eipalloc-06522a3ed5e88c06c",
            "instance": "",
            "network_border_group": "us-east-1",
            "network_interface": "",
            "private_dns": null,
            "private_ip": "",
            "public_dns": "ec2-34-206-86-198.compute-1.amazonaws.com",
            "public_ip": "34.206.86.198",
            "public_ipv4_pool": "amazon",
            "tags": {
              "Name": "elasticIP01"
            },
            "tags_all": {
              "Name": "elasticIP01"
            },
            "timeouts": null,
            "vpc": true
          },
          "sensitive_attributes": [],
          "private": "eyJlMmJmYjczMC1lY2FhLTExZTYtOGY4OC0zNDM2M2JjN2M0YzAiOnsiZGVsZXRlIjoxODAwMDAwMDAwMDAsInJlYWQiOjkwMDAwMDAwMDAwMCwidXBkYXRlIjozMDAwMDAwMDAwMDB9fQ=="
        }
      ]
    },
    {
      "module": "module.eip_module[\"eip02\"]",
      "mode": "managed",
      "type": "aws_eip",
      "name": "natgw_eip",
      "provider": "provider[\"registry.terraform.io/hashicorp/aws\"]",
      "instances": [
        {
          "schema_version": 0,
          "attributes": {
            "address": null,
            "allocation_id": "eipalloc-08a20da94d2b5b1af",
            "associate_with_private_ip": null,
            "association_id": "",
            "carrier_ip": "",
            "customer_owned_ip": "",
            "customer_owned_ipv4_pool": "",
            "domain": "vpc",
            "id": "eipalloc-08a20da94d2b5b1af",
            "instance": "",
            "network_border_group": "us-east-1",
            "network_interface": "",
            "private_dns": null,
            "private_ip": "",
            "public_dns": "ec2-54-204-250-174.compute-1.amazonaws.com",
            "public_ip": "54.204.250.174",
            "public_ipv4_pool": "amazon",
            "tags": {
              "Name": "elasticIP02"
            },
            "tags_all": {
              "Name": "elasticIP02"
            },
            "timeouts": null,
            "vpc": true
          },
          "sensitive_attributes": [],
          "private": "eyJlMmJmYjczMC1lY2FhLTExZTYtOGY4OC0zNDM2M2JjN2M0YzAiOnsiZGVsZXRlIjoxODAwMDAwMDAwMDAsInJlYWQiOjkwMDAwMDAwMDAwMCwidXBkYXRlIjozMDAwMDAwMDAwMDB9fQ=="
        }
      ]
    },
    {
      "module": "module.eks_module[\"cluster-key\"]",
      "mode": "data",
      "type": "aws_iam_policy_document",
      "name": "assume_role",
      "provider": "provider[\"registry.terraform.io/hashicorp/aws\"]",
      "instances": [
        {
          "schema_version": 0,
          "attributes": {
            "id": "189502314",
            "json": "{\n  \"Version\": \"2012-10-17\",\n  \"Statement\": [\n    {\n      \"Sid\": \"\",\n      \"Effect\": \"Allow\",\n      \"Action\": \"sts:AssumeRole\",\n      \"Principal\": {\n        \"Service\": \"eks.amazonaws.com\"\n      }\n    }\n  ]\n}",
            "override_json": null,
            "override_policy_documents": null,
            "policy_id": null,
            "source_json": null,
            "source_policy_documents": null,
            "statement": [
              {
                "actions": [
                  "sts:AssumeRole"
                ],
                "condition": [],
                "effect": "Allow",
                "not_actions": [],
                "not_principals": [],
                "not_resources": [],
                "principals": [
                  {
                    "identifiers": [
                      "eks.amazonaws.com"
                    ],
                    "type": "Service"
                  }
                ],
                "resources": [],
                "sid": ""
              }
            ],
            "version": "2012-10-17"
          },
          "sensitive_attributes": []
        }
      ]
    },
    {
      "module": "module.eks_module[\"cluster-key\"]",
      "mode": "managed",
      "type": "aws_eks_cluster",
      "name": "acme_cluster",
      "provider": "provider[\"registry.terraform.io/hashicorp/aws\"]",
      "instances": [
        {
          "schema_version": 0,
          "attributes": {
            "arn": "arn:aws:eks:us-east-1:185439933271:cluster/cluster-key",
            "certificate_authority": [
              {
                "data": "LS0tLS1CRUdJTiBDRVJUSUZJQ0FURS0tLS0tCk1JSUMvakNDQWVhZ0F3SUJBZ0lCQURBTkJna3Foa2lHOXcwQkFRc0ZBREFWTVJNd0VRWURWUVFERXdwcmRXSmwKY201bGRHVnpNQjRYRFRJek1EVXlNekU0TkRreU5sb1hEVE16TURVeU1ERTRORGt5Tmxvd0ZURVRNQkVHQTFVRQpBeE1LYTNWaVpYSnVaWFJsY3pDQ0FTSXdEUVlKS29aSWh2Y05BUUVCQlFBRGdnRVBBRENDQVFvQ2dnRUJBTWpDClJxeEJqZzZranJDdlkzaUFURDV0SkE5Rm1LbHpyWUpkN0xCdm1aZXJCVHkxUHhuMVI2STkwcVRoUndlZWxoRzQKanFOMGl6SFVtdjNEVlNYeXVuVDNWSWVBT0ZlQ1BhOHNxZC9iZVBYb2JiQ1BiK296cjZqOW9zWHV5aE5xamtZRwpOdklBaU96TmxrNDU5WDdPNjhnYmlrOGluU2xpVlY1b3VzL3oxV3VLSVI0bnlVcGJidUxVV1pQT0JieUFNMHhzCkcydEI5NlVmejdFSEZCK21KWTZkLzl2ZkVOMk5FZjlNeklTNFc2OC9OZXFnWHpWUHBNdVVBQ2ZSdFBOWndmWlYKSkxVb0tPbURyS3EvdldaZW9qVEZvajl1YlNsa2Z0OGpaL3YxVm9Temp4R3VmenhnU293WXVpVk1MSDY5b2ZkQQp0THFPbmdPTVpaaWdmOXEzL24wQ0F3RUFBYU5aTUZjd0RnWURWUjBQQVFIL0JBUURBZ0trTUE4R0ExVWRFd0VCCi93UUZNQU1CQWY4d0hRWURWUjBPQkJZRUZEUVJIYzEraHdvT3NXSEtCa1J6ZG1rNnk5TVJNQlVHQTFVZEVRUU8KTUF5Q0NtdDFZbVZ5Ym1WMFpYTXdEUVlKS29aSWh2Y05BUUVMQlFBRGdnRUJBQVBvU3VZWVJpTERKeUtDY1BrdAo3eGQzRlJvQnhWUGpzdTJPbzNndmFQTGgrdnZtbEo2K1BYNUVwZFJ2OWEyS2NKVjZTWW5jN1Q3WGYwd3RQSVZNCkNQS3RFSXZnK282dHVucitxNmVXOVB0QkhBY1VWQkFrZ3lsRjhpaWtxbnZGdHFLNFJKQXYwNUY4aEJFQjdpQVkKbTVvQi9VRlZKazVaVUo2RFhiOHNuUDNZMnZDZ09Xd285RUxBQWY5NWFKTTdmdy9SVUlTYmlIekFyZUg2c2dmcApKWGNPajR5bmIwY0xFVGxOdHdpdm00c2ROTmcraXl0WldiSmk0NmZQcUxoQnZ4U3VWRTluWWVCQmpOUG5VUWVOCnZKMWZkaGEyYW1JdXJmS2hiYXVxQ3p3ZDdRYVR1Qk4xOEJBWlRFNlBZa0QzNmFtVzhKZHd3T0lEb1lGTlhmUXEKLy9nPQotLS0tLUVORCBDRVJUSUZJQ0FURS0tLS0tCg=="
              }
            ],
            "cluster_id": null,
            "created_at": "2023-05-23 18:43:38.974 +0000 UTC",
            "enabled_cluster_log_types": null,
            "encryption_config": [],
            "endpoint": "https://69C2103FB61E7DDA83A460B3C1BE84BA.gr7.us-east-1.eks.amazonaws.com",
            "id": "cluster-key",
            "identity": [
              {
                "oidc": [
                  {
                    "issuer": "https://oidc.eks.us-east-1.amazonaws.com/id/69C2103FB61E7DDA83A460B3C1BE84BA"
                  }
                ]
              }
            ],
            "kubernetes_network_config": [
              {
                "ip_family": "ipv4",
                "service_ipv4_cidr": "172.20.0.0/16",
                "service_ipv6_cidr": ""
              }
            ],
            "name": "cluster-key",
            "outpost_config": [],
            "platform_version": "eks.2",
            "role_arn": "arn:aws:iam::185439933271:role/acme-eks-cluster",
            "status": "ACTIVE",
            "tags": {
              "Name": "ACME-cluster"
            },
            "tags_all": {
              "Name": "ACME-cluster"
            },
            "timeouts": null,
            "version": "1.26",
            "vpc_config": [
              {
                "cluster_security_group_id": "sg-0796d10ee669309a7",
                "endpoint_private_access": false,
                "endpoint_public_access": true,
                "public_access_cidrs": [
                  "0.0.0.0/0"
                ],
                "security_group_ids": null,
                "subnet_ids": [
                  "subnet-01303d1e0d9699576",
                  "subnet-01d75141741d83d94",
                  "subnet-058fbe90f8c0776b5",
                  "subnet-0782a10526aebb1cf"
                ],
                "vpc_id": "vpc-01394aa08238d281d"
              }
            ]
          },
          "sensitive_attributes": [],
          "private": "eyJlMmJmYjczMC1lY2FhLTExZTYtOGY4OC0zNDM2M2JjN2M0YzAiOnsiY3JlYXRlIjoxODAwMDAwMDAwMDAwLCJkZWxldGUiOjkwMDAwMDAwMDAwMCwidXBkYXRlIjozNjAwMDAwMDAwMDAwfX0=",
          "dependencies": [
            "module.aws_subnet_module.aws_subnet.acme_subnet",
            "module.aws_vpc_module.aws_vpc.acme_vpc",
            "module.eks_module.aws_iam_role.acme_eks_cluster",
            "module.eks_module.aws_iam_role_policy_attachment.ACME-AmazonEC2ContainerRegistryReadOnly",
            "module.eks_module.aws_iam_role_policy_attachment.ACME-AmazonEKSClusterPolicy",
            "module.eks_module.data.aws_iam_policy_document.assume_role"
          ]
        }
      ]
    },
    {
      "module": "module.eks_module[\"cluster-key\"]",
      "mode": "managed",
      "type": "aws_iam_role",
      "name": "acme_eks_cluster",
      "provider": "provider[\"registry.terraform.io/hashicorp/aws\"]",
      "instances": [
        {
          "schema_version": 0,
          "attributes": {
            "arn": "arn:aws:iam::185439933271:role/acme-eks-cluster",
            "assume_role_policy": "{\"Statement\":[{\"Action\":\"sts:AssumeRole\",\"Effect\":\"Allow\",\"Principal\":{\"Service\":\"eks.amazonaws.com\"},\"Sid\":\"\"}],\"Version\":\"2012-10-17\"}",
            "create_date": "2023-05-23T18:43:34Z",
            "description": "",
            "force_detach_policies": false,
            "id": "acme-eks-cluster",
            "inline_policy": [],
            "managed_policy_arns": [],
            "max_session_duration": 3600,
            "name": "acme-eks-cluster",
            "name_prefix": "",
            "path": "/",
            "permissions_boundary": null,
            "role_last_used": [
              {
                "last_used_date": "",
                "region": ""
              }
            ],
            "tags": null,
            "tags_all": {},
            "unique_id": "AROASWLIU2NL56KEZ5UYA"
          },
          "sensitive_attributes": [],
          "private": "bnVsbA==",
          "dependencies": [
            "module.eks_module.data.aws_iam_policy_document.assume_role"
          ]
        }
      ]
    },
    {
      "module": "module.eks_module[\"cluster-key\"]",
      "mode": "managed",
      "type": "aws_iam_role_policy_attachment",
      "name": "ACME-AmazonEC2ContainerRegistryReadOnly",
      "provider": "provider[\"registry.terraform.io/hashicorp/aws\"]",
      "instances": [
        {
          "schema_version": 0,
          "attributes": {
            "id": "acme-eks-cluster-20230523184335098400000002",
            "policy_arn": "arn:aws:iam::aws:policy/AmazonEC2ContainerRegistryReadOnly",
            "role": "acme-eks-cluster"
          },
          "sensitive_attributes": [],
          "private": "bnVsbA==",
          "dependencies": [
            "module.eks_module.aws_iam_role.acme_eks_cluster",
            "module.eks_module.data.aws_iam_policy_document.assume_role"
          ]
        }
      ]
    },
    {
      "module": "module.eks_module[\"cluster-key\"]",
      "mode": "managed",
      "type": "aws_iam_role_policy_attachment",
      "name": "ACME-AmazonEKSClusterPolicy",
      "provider": "provider[\"registry.terraform.io/hashicorp/aws\"]",
      "instances": [
        {
          "schema_version": 0,
          "attributes": {
            "id": "acme-eks-cluster-20230523184335072200000001",
            "policy_arn": "arn:aws:iam::aws:policy/AmazonEKSClusterPolicy",
            "role": "acme-eks-cluster"
          },
          "sensitive_attributes": [],
          "private": "bnVsbA==",
          "dependencies": [
            "module.eks_module.aws_iam_role.acme_eks_cluster",
            "module.eks_module.data.aws_iam_policy_document.assume_role"
          ]
        }
      ]
    },
    {
      "module": "module.nat_gateway_module[\"natgw01\"]",
      "mode": "managed",
      "type": "aws_nat_gateway",
      "name": "ngw",
      "provider": "provider[\"registry.terraform.io/hashicorp/aws\"]",
      "instances": [
        {
          "schema_version": 0,
          "attributes": {
            "allocation_id": "eipalloc-06522a3ed5e88c06c",
            "association_id": "eipassoc-0a21bbcaee903da74",
            "connectivity_type": "public",
            "id": "nat-032d81cf2725fb9b0",
            "network_interface_id": "eni-01cb62fc082fd95d7",
            "private_ip": "10.0.22.118",
            "public_ip": "34.206.86.198",
            "subnet_id": "subnet-058fbe90f8c0776b5",
            "tags": {
              "Name": "natgw01"
            },
            "tags_all": {
              "Name": "natgw01"
            }
          },
          "sensitive_attributes": [],
          "private": "bnVsbA==",
          "dependencies": [
            "module.aws_subnet_module.aws_subnet.acme_subnet",
            "module.aws_vpc_module.aws_vpc.acme_vpc",
            "module.eip_module.aws_eip.natgw_eip"
          ]
        }
      ]
    },
    {
      "module": "module.nat_gateway_module[\"natgw02\"]",
      "mode": "managed",
      "type": "aws_nat_gateway",
      "name": "ngw",
      "provider": "provider[\"registry.terraform.io/hashicorp/aws\"]",
      "instances": [
        {
          "schema_version": 0,
          "attributes": {
            "allocation_id": "eipalloc-08a20da94d2b5b1af",
            "association_id": "eipassoc-063f3b7c20ff42faa",
            "connectivity_type": "public",
            "id": "nat-076a811523db30760",
            "network_interface_id": "eni-0aff49ee595977b50",
            "private_ip": "10.0.96.19",
            "public_ip": "54.204.250.174",
            "subnet_id": "subnet-01d75141741d83d94",
            "tags": {
              "Name": "natgw02"
            },
            "tags_all": {
              "Name": "natgw02"
            }
          },
          "sensitive_attributes": [],
          "private": "bnVsbA==",
          "dependencies": [
            "module.aws_subnet_module.aws_subnet.acme_subnet",
            "module.aws_vpc_module.aws_vpc.acme_vpc",
            "module.eip_module.aws_eip.natgw_eip"
          ]
        }
      ]
    },
    {
      "module": "module.nodegroups_module[\"node1\"]",
      "mode": "managed",
      "type": "aws_eks_node_group",
      "name": "worker_nodes",
      "provider": "provider[\"registry.terraform.io/hashicorp/aws\"]",
      "instances": [
        {
          "schema_version": 0,
          "attributes": {
            "ami_type": "AL2_x86_64",
            "arn": "arn:aws:eks:us-east-1:185439933271:nodegroup/cluster-key/node1/fac424fa-e611-41b6-aeef-5c627e269431",
            "capacity_type": "ON_DEMAND",
            "cluster_name": "cluster-key",
            "disk_size": 20,
            "force_update_version": null,
            "id": "cluster-key:node1",
            "instance_types": [
              "t3.medium"
            ],
            "labels": null,
            "launch_template": [],
            "node_group_name": "node1",
            "node_group_name_prefix": "",
            "node_role_arn": "arn:aws:iam::185439933271:role/node1",
            "release_version": "1.26.4-20230513",
            "remote_access": [],
            "resources": [
              {
                "autoscaling_groups": [
                  {
                    "name": "eks-node1-fac424fa-e611-41b6-aeef-5c627e269431"
                  }
                ],
                "remote_access_security_group_id": ""
              }
            ],
            "scaling_config": [
              {
                "desired_size": 1,
                "max_size": 2,
                "min_size": 1
              }
            ],
            "status": "ACTIVE",
            "subnet_ids": [
              "subnet-01303d1e0d9699576",
              "subnet-0782a10526aebb1cf"
            ],
            "tags": {
              "Name": "ACME-clusterNode1"
            },
            "tags_all": {
              "Name": "ACME-clusterNode1"
            },
            "taint": [],
            "timeouts": null,
            "update_config": [
              {
                "max_unavailable": 1,
                "max_unavailable_percentage": 0
              }
            ],
            "version": "1.26"
          },
          "sensitive_attributes": [],
          "private": "eyJlMmJmYjczMC1lY2FhLTExZTYtOGY4OC0zNDM2M2JjN2M0YzAiOnsiY3JlYXRlIjozNjAwMDAwMDAwMDAwLCJkZWxldGUiOjM2MDAwMDAwMDAwMDAsInVwZGF0ZSI6MzYwMDAwMDAwMDAwMH19",
          "dependencies": [
            "module.aws_subnet_module.aws_subnet.acme_subnet",
            "module.aws_vpc_module.aws_vpc.acme_vpc",
            "module.eks_module.aws_eks_cluster.acme_cluster",
            "module.eks_module.aws_iam_role.acme_eks_cluster",
            "module.eks_module.aws_iam_role_policy_attachment.ACME-AmazonEC2ContainerRegistryReadOnly",
            "module.eks_module.aws_iam_role_policy_attachment.ACME-AmazonEKSClusterPolicy",
            "module.eks_module.data.aws_iam_policy_document.assume_role",
            "module.nodegroups_module.aws_iam_role.nodegroup_role",
            "module.nodegroups_module.aws_iam_role_policy_attachment.ACME-AmazonEC2ContainerRegistryReadOnly",
            "module.nodegroups_module.aws_iam_role_policy_attachment.ACME-AmazonEKSWorkerNodePolicy",
            "module.nodegroups_module.aws_iam_role_policy_attachment.ACME-AmazonEKS_CNI_Policy"
          ]
        }
      ]
    },
    {
      "module": "module.nodegroups_module[\"node1\"]",
      "mode": "managed",
      "type": "aws_iam_role",
      "name": "nodegroup_role",
      "provider": "provider[\"registry.terraform.io/hashicorp/aws\"]",
      "instances": [
        {
          "schema_version": 0,
          "attributes": {
            "arn": "arn:aws:iam::185439933271:role/node1",
            "assume_role_policy": "{\"Statement\":[{\"Action\":\"sts:AssumeRole\",\"Effect\":\"Allow\",\"Principal\":{\"Service\":\"ec2.amazonaws.com\"}}],\"Version\":\"2012-10-17\"}",
            "create_date": "2023-05-23T18:43:34Z",
            "description": "",
            "force_detach_policies": false,
            "id": "node1",
            "inline_policy": [],
            "managed_policy_arns": [],
            "max_session_duration": 3600,
            "name": "node1",
            "name_prefix": "",
            "path": "/",
            "permissions_boundary": null,
            "role_last_used": [
              {
                "last_used_date": "",
                "region": ""
              }
            ],
            "tags": null,
            "tags_all": {},
            "unique_id": "AROASWLIU2NL6MLVRFT6E"
          },
          "sensitive_attributes": [],
          "private": "bnVsbA=="
        }
      ]
    },
    {
      "module": "module.nodegroups_module[\"node1\"]",
      "mode": "managed",
      "type": "aws_iam_role_policy_attachment",
      "name": "ACME-AmazonEC2ContainerRegistryReadOnly",
      "provider": "provider[\"registry.terraform.io/hashicorp/aws\"]",
      "instances": [
        {
          "schema_version": 0,
          "attributes": {
            "id": "node1-20230523184335319800000006",
            "policy_arn": "arn:aws:iam::aws:policy/AmazonEC2ContainerRegistryReadOnly",
            "role": "node1"
          },
          "sensitive_attributes": [],
          "private": "bnVsbA==",
          "dependencies": [
            "module.nodegroups_module.aws_iam_role.nodegroup_role"
          ]
        }
      ]
    },
    {
      "module": "module.nodegroups_module[\"node1\"]",
      "mode": "managed",
      "type": "aws_iam_role_policy_attachment",
      "name": "ACME-AmazonEKSWorkerNodePolicy",
      "provider": "provider[\"registry.terraform.io/hashicorp/aws\"]",
      "instances": [
        {
          "schema_version": 0,
          "attributes": {
            "id": "node1-20230523184335440600000008",
            "policy_arn": "arn:aws:iam::aws:policy/AmazonEKSWorkerNodePolicy",
            "role": "node1"
          },
          "sensitive_attributes": [],
          "private": "bnVsbA==",
          "dependencies": [
            "module.nodegroups_module.aws_iam_role.nodegroup_role"
          ]
        }
      ]
    },
    {
      "module": "module.nodegroups_module[\"node1\"]",
      "mode": "managed",
      "type": "aws_iam_role_policy_attachment",
      "name": "ACME-AmazonEKS_CNI_Policy",
      "provider": "provider[\"registry.terraform.io/hashicorp/aws\"]",
      "instances": [
        {
          "schema_version": 0,
          "attributes": {
            "id": "node1-20230523184335321100000007",
            "policy_arn": "arn:aws:iam::aws:policy/AmazonEKS_CNI_Policy",
            "role": "node1"
          },
          "sensitive_attributes": [],
          "private": "bnVsbA==",
          "dependencies": [
            "module.nodegroups_module.aws_iam_role.nodegroup_role"
          ]
        }
      ]
    },
    {
      "module": "module.nodegroups_module[\"node2\"]",
      "mode": "managed",
      "type": "aws_eks_node_group",
      "name": "worker_nodes",
      "provider": "provider[\"registry.terraform.io/hashicorp/aws\"]",
      "instances": [
        {
          "schema_version": 0,
          "attributes": {
            "ami_type": "AL2_x86_64",
            "arn": "arn:aws:eks:us-east-1:185439933271:nodegroup/cluster-key/node2/54c424fa-e613-d53b-1a8a-01dc0c5fea85",
            "capacity_type": "ON_DEMAND",
            "cluster_name": "cluster-key",
            "disk_size": 20,
            "force_update_version": null,
            "id": "cluster-key:node2",
            "instance_types": [
              "t3.medium"
            ],
            "labels": null,
            "launch_template": [],
            "node_group_name": "node2",
            "node_group_name_prefix": "",
            "node_role_arn": "arn:aws:iam::185439933271:role/node2",
            "release_version": "1.26.4-20230513",
            "remote_access": [],
            "resources": [
              {
                "autoscaling_groups": [
                  {
                    "name": "eks-node2-54c424fa-e613-d53b-1a8a-01dc0c5fea85"
                  }
                ],
                "remote_access_security_group_id": ""
              }
            ],
            "scaling_config": [
              {
                "desired_size": 1,
                "max_size": 2,
                "min_size": 1
              }
            ],
            "status": "ACTIVE",
            "subnet_ids": [
              "subnet-01303d1e0d9699576",
              "subnet-0782a10526aebb1cf"
            ],
            "tags": {
              "Name": "ACME-clusterNode2"
            },
            "tags_all": {
              "Name": "ACME-clusterNode2"
            },
            "taint": [],
            "timeouts": null,
            "update_config": [
              {
                "max_unavailable": 1,
                "max_unavailable_percentage": 0
              }
            ],
            "version": "1.26"
          },
          "sensitive_attributes": [],
          "private": "eyJlMmJmYjczMC1lY2FhLTExZTYtOGY4OC0zNDM2M2JjN2M0YzAiOnsiY3JlYXRlIjozNjAwMDAwMDAwMDAwLCJkZWxldGUiOjM2MDAwMDAwMDAwMDAsInVwZGF0ZSI6MzYwMDAwMDAwMDAwMH19",
          "dependencies": [
            "module.aws_subnet_module.aws_subnet.acme_subnet",
            "module.aws_vpc_module.aws_vpc.acme_vpc",
            "module.eks_module.aws_eks_cluster.acme_cluster",
            "module.eks_module.aws_iam_role.acme_eks_cluster",
            "module.eks_module.aws_iam_role_policy_attachment.ACME-AmazonEC2ContainerRegistryReadOnly",
            "module.eks_module.aws_iam_role_policy_attachment.ACME-AmazonEKSClusterPolicy",
            "module.eks_module.data.aws_iam_policy_document.assume_role",
            "module.nodegroups_module.aws_iam_role.nodegroup_role",
            "module.nodegroups_module.aws_iam_role_policy_attachment.ACME-AmazonEC2ContainerRegistryReadOnly",
            "module.nodegroups_module.aws_iam_role_policy_attachment.ACME-AmazonEKSWorkerNodePolicy",
            "module.nodegroups_module.aws_iam_role_policy_attachment.ACME-AmazonEKS_CNI_Policy"
          ]
        }
      ]
    },
    {
      "module": "module.nodegroups_module[\"node2\"]",
      "mode": "managed",
      "type": "aws_iam_role",
      "name": "nodegroup_role",
      "provider": "provider[\"registry.terraform.io/hashicorp/aws\"]",
      "instances": [
        {
          "schema_version": 0,
          "attributes": {
            "arn": "arn:aws:iam::185439933271:role/node2",
            "assume_role_policy": "{\"Statement\":[{\"Action\":\"sts:AssumeRole\",\"Effect\":\"Allow\",\"Principal\":{\"Service\":\"ec2.amazonaws.com\"}}],\"Version\":\"2012-10-17\"}",
            "create_date": "2023-05-23T18:43:34Z",
            "description": "",
            "force_detach_policies": false,
            "id": "node2",
            "inline_policy": [],
            "managed_policy_arns": [],
            "max_session_duration": 3600,
            "name": "node2",
            "name_prefix": "",
            "path": "/",
            "permissions_boundary": null,
            "role_last_used": [
              {
                "last_used_date": "",
                "region": ""
              }
            ],
            "tags": null,
            "tags_all": {},
            "unique_id": "AROASWLIU2NL4RCGTKUMJ"
          },
          "sensitive_attributes": [],
          "private": "bnVsbA=="
        }
      ]
    },
    {
      "module": "module.nodegroups_module[\"node2\"]",
      "mode": "managed",
      "type": "aws_iam_role_policy_attachment",
      "name": "ACME-AmazonEC2ContainerRegistryReadOnly",
      "provider": "provider[\"registry.terraform.io/hashicorp/aws\"]",
      "instances": [
        {
          "schema_version": 0,
          "attributes": {
            "id": "node2-20230523184335150700000003",
            "policy_arn": "arn:aws:iam::aws:policy/AmazonEC2ContainerRegistryReadOnly",
            "role": "node2"
          },
          "sensitive_attributes": [],
          "private": "bnVsbA==",
          "dependencies": [
            "module.nodegroups_module.aws_iam_role.nodegroup_role"
          ]
        }
      ]
    },
    {
      "module": "module.nodegroups_module[\"node2\"]",
      "mode": "managed",
      "type": "aws_iam_role_policy_attachment",
      "name": "ACME-AmazonEKSWorkerNodePolicy",
      "provider": "provider[\"registry.terraform.io/hashicorp/aws\"]",
      "instances": [
        {
          "schema_version": 0,
          "attributes": {
            "id": "node2-20230523184335309500000005",
            "policy_arn": "arn:aws:iam::aws:policy/AmazonEKSWorkerNodePolicy",
            "role": "node2"
          },
          "sensitive_attributes": [],
          "private": "bnVsbA==",
          "dependencies": [
            "module.nodegroups_module.aws_iam_role.nodegroup_role"
          ]
        }
      ]
    },
    {
      "module": "module.nodegroups_module[\"node2\"]",
      "mode": "managed",
      "type": "aws_iam_role_policy_attachment",
      "name": "ACME-AmazonEKS_CNI_Policy",
      "provider": "provider[\"registry.terraform.io/hashicorp/aws\"]",
      "instances": [
        {
          "schema_version": 0,
          "attributes": {
            "id": "node2-20230523184335275000000004",
            "policy_arn": "arn:aws:iam::aws:policy/AmazonEKS_CNI_Policy",
            "role": "node2"
          },
          "sensitive_attributes": [],
          "private": "bnVsbA==",
          "dependencies": [
            "module.nodegroups_module.aws_iam_role.nodegroup_role"
          ]
        }
      ]
    },
    {
      "module": "module.rtb_assoc_module[\"private_rtb_assoc01\"]",
      "mode": "managed",
      "type": "aws_route_table_association",
      "name": "a",
      "provider": "provider[\"registry.terraform.io/hashicorp/aws\"]",
      "instances": [
        {
          "schema_version": 0,
          "attributes": {
            "gateway_id": "",
            "id": "rtbassoc-089b25d50fbd70799",
            "route_table_id": "rtb-0280fffdd37b08fb9",
            "subnet_id": "subnet-01303d1e0d9699576",
            "timeouts": null
          },
          "sensitive_attributes": [],
          "private": "eyJlMmJmYjczMC1lY2FhLTExZTYtOGY4OC0zNDM2M2JjN2M0YzAiOnsiY3JlYXRlIjozMDAwMDAwMDAwMDAsImRlbGV0ZSI6MzAwMDAwMDAwMDAwLCJ1cGRhdGUiOjEyMDAwMDAwMDAwMH19",
          "dependencies": [
            "module.IGW_module.aws_internet_gateway.igw",
            "module.aws_subnet_module.aws_subnet.acme_subnet",
            "module.aws_vpc_module.aws_vpc.acme_vpc",
            "module.eip_module.aws_eip.natgw_eip",
            "module.nat_gateway_module.aws_nat_gateway.ngw",
            "module.rtb_module.aws_route_table.rtb"
          ]
        }
      ]
    },
    {
      "module": "module.rtb_assoc_module[\"private_rtb_assoc02\"]",
      "mode": "managed",
      "type": "aws_route_table_association",
      "name": "a",
      "provider": "provider[\"registry.terraform.io/hashicorp/aws\"]",
      "instances": [
        {
          "schema_version": 0,
          "attributes": {
            "gateway_id": "",
            "id": "rtbassoc-0550a6fd876f1c319",
            "route_table_id": "rtb-0bfd3d63df14ae57d",
            "subnet_id": "subnet-0782a10526aebb1cf",
            "timeouts": null
          },
          "sensitive_attributes": [],
          "private": "eyJlMmJmYjczMC1lY2FhLTExZTYtOGY4OC0zNDM2M2JjN2M0YzAiOnsiY3JlYXRlIjozMDAwMDAwMDAwMDAsImRlbGV0ZSI6MzAwMDAwMDAwMDAwLCJ1cGRhdGUiOjEyMDAwMDAwMDAwMH19",
          "dependencies": [
            "module.IGW_module.aws_internet_gateway.igw",
            "module.aws_subnet_module.aws_subnet.acme_subnet",
            "module.aws_vpc_module.aws_vpc.acme_vpc",
            "module.eip_module.aws_eip.natgw_eip",
            "module.nat_gateway_module.aws_nat_gateway.ngw",
            "module.rtb_module.aws_route_table.rtb"
          ]
        }
      ]
    },
    {
      "module": "module.rtb_assoc_module[\"public_rtb_assoc01\"]",
      "mode": "managed",
      "type": "aws_route_table_association",
      "name": "a",
      "provider": "provider[\"registry.terraform.io/hashicorp/aws\"]",
      "instances": [
        {
          "schema_version": 0,
          "attributes": {
            "gateway_id": "",
            "id": "rtbassoc-0c78ceba9c9424e09",
            "route_table_id": "rtb-0405c76cefb028cec",
            "subnet_id": "subnet-058fbe90f8c0776b5",
            "timeouts": null
          },
          "sensitive_attributes": [],
          "private": "eyJlMmJmYjczMC1lY2FhLTExZTYtOGY4OC0zNDM2M2JjN2M0YzAiOnsiY3JlYXRlIjozMDAwMDAwMDAwMDAsImRlbGV0ZSI6MzAwMDAwMDAwMDAwLCJ1cGRhdGUiOjEyMDAwMDAwMDAwMH19",
          "dependencies": [
            "module.IGW_module.aws_internet_gateway.igw",
            "module.aws_subnet_module.aws_subnet.acme_subnet",
            "module.aws_vpc_module.aws_vpc.acme_vpc",
            "module.eip_module.aws_eip.natgw_eip",
            "module.nat_gateway_module.aws_nat_gateway.ngw",
            "module.rtb_module.aws_route_table.rtb"
          ]
        }
      ]
    },
    {
      "module": "module.rtb_assoc_module[\"public_rtb_assoc02\"]",
      "mode": "managed",
      "type": "aws_route_table_association",
      "name": "a",
      "provider": "provider[\"registry.terraform.io/hashicorp/aws\"]",
      "instances": [
        {
          "schema_version": 0,
          "attributes": {
            "gateway_id": "",
            "id": "rtbassoc-000c7e179945c7e31",
            "route_table_id": "rtb-0405c76cefb028cec",
            "subnet_id": "subnet-01d75141741d83d94",
            "timeouts": null
          },
          "sensitive_attributes": [],
          "private": "eyJlMmJmYjczMC1lY2FhLTExZTYtOGY4OC0zNDM2M2JjN2M0YzAiOnsiY3JlYXRlIjozMDAwMDAwMDAwMDAsImRlbGV0ZSI6MzAwMDAwMDAwMDAwLCJ1cGRhdGUiOjEyMDAwMDAwMDAwMH19",
          "dependencies": [
            "module.IGW_module.aws_internet_gateway.igw",
            "module.aws_subnet_module.aws_subnet.acme_subnet",
            "module.aws_vpc_module.aws_vpc.acme_vpc",
            "module.eip_module.aws_eip.natgw_eip",
            "module.nat_gateway_module.aws_nat_gateway.ngw",
            "module.rtb_module.aws_route_table.rtb"
          ]
        }
      ]
    },
    {
      "module": "module.rtb_module[\"privatertb01\"]",
      "mode": "managed",
      "type": "aws_route_table",
      "name": "rtb",
      "provider": "provider[\"registry.terraform.io/hashicorp/aws\"]",
      "instances": [
        {
          "schema_version": 0,
          "attributes": {
            "arn": "arn:aws:ec2:us-east-1:185439933271:route-table/rtb-0280fffdd37b08fb9",
            "id": "rtb-0280fffdd37b08fb9",
            "owner_id": "185439933271",
            "propagating_vgws": [],
            "route": [
              {
                "carrier_gateway_id": "",
                "cidr_block": "0.0.0.0/0",
                "core_network_arn": "",
                "destination_prefix_list_id": "",
                "egress_only_gateway_id": "",
                "gateway_id": "nat-032d81cf2725fb9b0",
                "instance_id": "",
                "ipv6_cidr_block": "",
                "local_gateway_id": "",
                "nat_gateway_id": "",
                "network_interface_id": "",
                "transit_gateway_id": "",
                "vpc_endpoint_id": "",
                "vpc_peering_connection_id": ""
              }
            ],
            "tags": {
              "Name": "private-rtb1"
            },
            "tags_all": {
              "Name": "private-rtb1"
            },
            "timeouts": null,
            "vpc_id": "vpc-01394aa08238d281d"
          },
          "sensitive_attributes": [],
          "private": "eyJlMmJmYjczMC1lY2FhLTExZTYtOGY4OC0zNDM2M2JjN2M0YzAiOnsiY3JlYXRlIjozMDAwMDAwMDAwMDAsImRlbGV0ZSI6MzAwMDAwMDAwMDAwLCJ1cGRhdGUiOjEyMDAwMDAwMDAwMH19",
          "dependencies": [
            "module.IGW_module.aws_internet_gateway.igw",
            "module.aws_subnet_module.aws_subnet.acme_subnet",
            "module.aws_vpc_module.aws_vpc.acme_vpc",
            "module.eip_module.aws_eip.natgw_eip",
            "module.nat_gateway_module.aws_nat_gateway.ngw"
          ]
        }
      ]
    },
    {
      "module": "module.rtb_module[\"privatertb02\"]",
      "mode": "managed",
      "type": "aws_route_table",
      "name": "rtb",
      "provider": "provider[\"registry.terraform.io/hashicorp/aws\"]",
      "instances": [
        {
          "schema_version": 0,
          "attributes": {
            "arn": "arn:aws:ec2:us-east-1:185439933271:route-table/rtb-0bfd3d63df14ae57d",
            "id": "rtb-0bfd3d63df14ae57d",
            "owner_id": "185439933271",
            "propagating_vgws": [],
            "route": [
              {
                "carrier_gateway_id": "",
                "cidr_block": "0.0.0.0/0",
                "core_network_arn": "",
                "destination_prefix_list_id": "",
                "egress_only_gateway_id": "",
                "gateway_id": "nat-076a811523db30760",
                "instance_id": "",
                "ipv6_cidr_block": "",
                "local_gateway_id": "",
                "nat_gateway_id": "",
                "network_interface_id": "",
                "transit_gateway_id": "",
                "vpc_endpoint_id": "",
                "vpc_peering_connection_id": ""
              }
            ],
            "tags": {
              "Name": "private-rtb2"
            },
            "tags_all": {
              "Name": "private-rtb2"
            },
            "timeouts": null,
            "vpc_id": "vpc-01394aa08238d281d"
          },
          "sensitive_attributes": [],
          "private": "eyJlMmJmYjczMC1lY2FhLTExZTYtOGY4OC0zNDM2M2JjN2M0YzAiOnsiY3JlYXRlIjozMDAwMDAwMDAwMDAsImRlbGV0ZSI6MzAwMDAwMDAwMDAwLCJ1cGRhdGUiOjEyMDAwMDAwMDAwMH19",
          "dependencies": [
            "module.IGW_module.aws_internet_gateway.igw",
            "module.aws_subnet_module.aws_subnet.acme_subnet",
            "module.aws_vpc_module.aws_vpc.acme_vpc",
            "module.eip_module.aws_eip.natgw_eip",
            "module.nat_gateway_module.aws_nat_gateway.ngw"
          ]
        }
      ]
    },
    {
      "module": "module.rtb_module[\"publicrtb01\"]",
      "mode": "managed",
      "type": "aws_route_table",
      "name": "rtb",
      "provider": "provider[\"registry.terraform.io/hashicorp/aws\"]",
      "instances": [
        {
          "schema_version": 0,
          "attributes": {
            "arn": "arn:aws:ec2:us-east-1:185439933271:route-table/rtb-0405c76cefb028cec",
            "id": "rtb-0405c76cefb028cec",
            "owner_id": "185439933271",
            "propagating_vgws": [],
            "route": [
              {
                "carrier_gateway_id": "",
                "cidr_block": "0.0.0.0/0",
                "core_network_arn": "",
                "destination_prefix_list_id": "",
                "egress_only_gateway_id": "",
                "gateway_id": "igw-0508eac288bd32f7d",
                "instance_id": "",
                "ipv6_cidr_block": "",
                "local_gateway_id": "",
                "nat_gateway_id": "",
                "network_interface_id": "",
                "transit_gateway_id": "",
                "vpc_endpoint_id": "",
                "vpc_peering_connection_id": ""
              }
            ],
            "tags": {
              "Name": "public-rtb1"
            },
            "tags_all": {
              "Name": "public-rtb1"
            },
            "timeouts": null,
            "vpc_id": "vpc-01394aa08238d281d"
          },
          "sensitive_attributes": [],
          "private": "eyJlMmJmYjczMC1lY2FhLTExZTYtOGY4OC0zNDM2M2JjN2M0YzAiOnsiY3JlYXRlIjozMDAwMDAwMDAwMDAsImRlbGV0ZSI6MzAwMDAwMDAwMDAwLCJ1cGRhdGUiOjEyMDAwMDAwMDAwMH19",
          "dependencies": [
            "module.IGW_module.aws_internet_gateway.igw",
            "module.aws_subnet_module.aws_subnet.acme_subnet",
            "module.aws_vpc_module.aws_vpc.acme_vpc",
            "module.eip_module.aws_eip.natgw_eip",
            "module.nat_gateway_module.aws_nat_gateway.ngw"
          ]
        }
      ]
    }
  ],
  "check_results": null
}
